{
  "name": "@useparcel/tape-sass-plugin",
  "version": "0.0.1",
  "lockfileVersion": 1,
  "requires": true,
  "dependencies": {
    "sass.js": {
      "version": "0.11.1",
      "resolved": "https://registry.npmjs.org/sass.js/-/sass.js-0.11.1.tgz",
      "integrity": "sha512-X9AtzYFr/HZ+pDIxX6xN74w/H9JjnDHqZcsYY8mr/SpCyhDVN1pJ3G0Q9rb+z3pZ7obZdYuTYMbKl1ALuhbZDw=="
    }
  }
}
