{
  "name": "find-embedded-documents",
  "version": "0.5.0",
  "lockfileVersion": 2,
  "requires": true,
  "packages": {
    "": {
      "version": "0.5.0",
      "license": "MIT",
      "dependencies": {
        "codsen-parser": "^0.11.0",
        "css-select": "^3.1.1"
      }
    },
    "node_modules/@babel/runtime": {
      "version": "7.14.6",
      "resolved": "https://registry.npmjs.org/@babel/runtime/-/runtime-7.14.6.tgz",
      "integrity": "sha512-/PCB2uJ7oM44tz8YhC4Z/6PeOKXp4K588f+5M3clr1M4zbqztlo0XEfJ2LEzj/FgwfgGcIdl8n7YYjTCI0BYwg==",
      "dependencies": {
        "regenerator-runtime": "^0.13.4"
      },
      "engines": {
        "node": ">=6.9.0"
      }
    },
    "node_modules/arrayiffy-if-string": {
      "version": "3.14.0",
      "resolved": "https://registry.npmjs.org/arrayiffy-if-string/-/arrayiffy-if-string-3.14.0.tgz",
      "integrity": "sha512-pQQDnM+wOBvgElVGB8//y16IpZEsi3mU3jkjvhJCm3J7zSvRPlm/8Wl76gE1O9vnU1CWcz2u5JfsOLtD7yvuLw==",
      "dependencies": {
        "@babel/runtime": "^7.14.0"
      }
    },
    "node_modules/ast-monkey-util": {
      "version": "1.4.0",
      "resolved": "https://registry.npmjs.org/ast-monkey-util/-/ast-monkey-util-1.4.0.tgz",
      "integrity": "sha512-GjdhxUtsWb/kbeGJzhHj7hnEWhxcaqkihAyxrE4hDiuYwcyU8CXG8YVZcF+WLp10dvZHdIcALQx7iye2HcyMZg==",
      "dependencies": {
        "@babel/runtime": "^7.14.0"
      }
    },
    "node_modules/boolbase": {
      "version": "1.0.0",
      "resolved": "https://registry.npmjs.org/boolbase/-/boolbase-1.0.0.tgz",
      "integrity": "sha1-aN/1++YMUes3cl6p4+0xDcwed24="
    },
    "node_modules/codsen-parser": {
      "version": "0.11.0",
      "resolved": "https://registry.npmjs.org/codsen-parser/-/codsen-parser-0.11.0.tgz",
      "integrity": "sha512-LIjaxCr676Idhubl5RqVZamyn8Y5i0cg1mkxDH3cPbhZCJZoF1LBf44K4DzuDABL4BoYzm3vxbmnPRVehyM7rQ==",
      "dependencies": {
        "@babel/runtime": "^7.14.0",
        "ast-monkey-util": "^1.4.0",
        "codsen-tokenizer": "^5.6.0",
        "object-path": "^0.11.5",
        "string-find-malformed": "^2.1.0",
        "string-left-right": "^4.1.0"
      }
    },
    "node_modules/codsen-tokenizer": {
      "version": "5.6.0",
      "resolved": "https://registry.npmjs.org/codsen-tokenizer/-/codsen-tokenizer-5.6.0.tgz",
      "integrity": "sha512-r3lHDrtC3fE7oiZtZ1bJ9hdYjrk63OT7bRWuCt2IF0lLyG42lTmxkLjzUWr8TndMUBe8vkkUBXg5aXHyY4e6Eg==",
      "dependencies": {
        "@babel/runtime": "^7.14.0",
        "html-all-known-attributes": "^4.1.0",
        "is-char-suitable-for-html-attr-name": "^2.1.0",
        "is-html-attribute-closing": "^2.3.0",
        "is-html-tag-opening": "^2.1.0",
        "lodash.clonedeep": "^4.5.0",
        "lodash.isplainobject": "^4.0.6",
        "string-left-right": "^4.1.0",
        "string-match-left-right": "^7.1.0"
      }
    },
    "node_modules/css-select": {
      "version": "3.1.1",
      "resolved": "https://registry.npmjs.org/css-select/-/css-select-3.1.1.tgz",
      "integrity": "sha512-6h3ECMuVhTcISNgmavw2YqWiuPY0jurQYWdob5au8z0H84xkFE23Sv6ML+Y42fMNqXsaUB69+3MTpX4uFEMY+g==",
      "dependencies": {
        "boolbase": "^1.0.0",
        "css-what": "^4.0.0",
        "domhandler": "^4.0.0",
        "domutils": "^2.4.3",
        "nth-check": "^2.0.0"
      }
    },
    "node_modules/css-what": {
      "version": "4.0.0",
      "resolved": "https://registry.npmjs.org/css-what/-/css-what-4.0.0.tgz",
      "integrity": "sha512-teijzG7kwYfNVsUh2H/YN62xW3KK9YhXEgSlbxMlcyjPNvdKJqFx5lrwlJgoFP1ZHlB89iGDlo/JyshKeRhv5A==",
      "engines": {
        "node": ">= 6"
      }
    },
    "node_modules/dom-serializer": {
      "version": "1.2.0",
      "resolved": "https://registry.npmjs.org/dom-serializer/-/dom-serializer-1.2.0.tgz",
      "integrity": "sha512-n6kZFH/KlCrqs/1GHMOd5i2fd/beQHuehKdWvNNffbGHTr/almdhuVvTVFb3V7fglz+nC50fFusu3lY33h12pA==",
      "dependencies": {
        "domelementtype": "^2.0.1",
        "domhandler": "^4.0.0",
        "entities": "^2.0.0"
      }
    },
    "node_modules/domelementtype": {
      "version": "2.1.0",
      "resolved": "https://registry.npmjs.org/domelementtype/-/domelementtype-2.1.0.tgz",
      "integrity": "sha512-LsTgx/L5VpD+Q8lmsXSHW2WpA+eBlZ9HPf3erD1IoPF00/3JKHZ3BknUVA2QGDNu69ZNmyFmCWBSO45XjYKC5w=="
    },
    "node_modules/domhandler": {
      "version": "4.0.0",
      "resolved": "https://registry.npmjs.org/domhandler/-/domhandler-4.0.0.tgz",
      "integrity": "sha512-KPTbnGQ1JeEMQyO1iYXoagsI6so/C96HZiFyByU3T6iAzpXn8EGEvct6unm1ZGoed8ByO2oirxgwxBmqKF9haA==",
      "dependencies": {
        "domelementtype": "^2.1.0"
      },
      "engines": {
        "node": ">= 4"
      }
    },
    "node_modules/domutils": {
      "version": "2.4.4",
      "resolved": "https://registry.npmjs.org/domutils/-/domutils-2.4.4.tgz",
      "integrity": "sha512-jBC0vOsECI4OMdD0GC9mGn7NXPLb+Qt6KW1YDQzeQYRUFKmNG8lh7mO5HiELfr+lLQE7loDVI4QcAxV80HS+RA==",
      "dependencies": {
        "dom-serializer": "^1.0.1",
        "domelementtype": "^2.0.1",
        "domhandler": "^4.0.0"
      }
    },
    "node_modules/entities": {
      "version": "2.1.0",
      "resolved": "https://registry.npmjs.org/entities/-/entities-2.1.0.tgz",
      "integrity": "sha512-hCx1oky9PFrJ611mf0ifBLBRW8lUUVRlFolb5gWRfIELabBlbp9xZvrqZLZAs+NxFnbfQoeGd8wDkygjg7U85w=="
    },
    "node_modules/html-all-known-attributes": {
      "version": "4.1.0",
      "resolved": "https://registry.npmjs.org/html-all-known-attributes/-/html-all-known-attributes-4.1.0.tgz",
      "integrity": "sha512-KaSC/go1CspiJ1Xs5abPYbSbFnfIOE4eaEHnrWryql8lgX58W006uu3NjK4SHTUquM7QSFYzEqWuVI5psE7Ocg==",
      "dependencies": {
        "@babel/runtime": "^7.14.0"
      }
    },
    "node_modules/is-char-suitable-for-html-attr-name": {
      "version": "2.1.0",
      "resolved": "https://registry.npmjs.org/is-char-suitable-for-html-attr-name/-/is-char-suitable-for-html-attr-name-2.1.0.tgz",
      "integrity": "sha512-tftj5TBEAIzYs+GDzmtM0rDuRGI/6JVCXXctxLAb/zqAWoudnyGMkFpixmBGhRmadc0Q0wzJ8BLZgLJeWqLo0Q==",
      "dependencies": {
        "@babel/runtime": "^7.14.0"
      }
    },
    "node_modules/is-html-attribute-closing": {
      "version": "2.3.0",
      "resolved": "https://registry.npmjs.org/is-html-attribute-closing/-/is-html-attribute-closing-2.3.0.tgz",
      "integrity": "sha512-XTtYjo8F0kv5BW8aVz4+ynz23by4x9DOT3SKId+WRc2LZyFDXKMpr1W3k5BCriTc+vFsyJZB6rGXP9N4N+KCjQ==",
      "dependencies": {
        "@babel/runtime": "^7.14.0",
        "html-all-known-attributes": "^4.1.0",
        "is-char-suitable-for-html-attr-name": "^2.1.0",
        "string-left-right": "^4.1.0",
        "string-match-left-right": "^7.1.0"
      }
    },
    "node_modules/is-html-tag-opening": {
      "version": "2.1.0",
      "resolved": "https://registry.npmjs.org/is-html-tag-opening/-/is-html-tag-opening-2.1.0.tgz",
      "integrity": "sha512-97xTbeQXxbPLMo+nlmHELuTa45PWlSgsvujIETJnaEv7uRw5mP7s5lcgXLIAq0Rxg1a3Hgwt9tCYA2S72zl1gg==",
      "dependencies": {
        "@babel/runtime": "^7.14.0",
        "string-left-right": "^4.1.0",
        "string-match-left-right": "^7.1.0"
      }
    },
    "node_modules/lodash.clonedeep": {
      "version": "4.5.0",
      "resolved": "https://registry.npmjs.org/lodash.clonedeep/-/lodash.clonedeep-4.5.0.tgz",
      "integrity": "sha1-4j8/nE+Pvd6HJSnBBxhXoIblzO8="
    },
    "node_modules/lodash.isplainobject": {
      "version": "4.0.6",
      "resolved": "https://registry.npmjs.org/lodash.isplainobject/-/lodash.isplainobject-4.0.6.tgz",
      "integrity": "sha1-fFJqUtibRcRcxpC4gWO+BJf1UMs="
    },
    "node_modules/nth-check": {
      "version": "2.0.0",
      "resolved": "https://registry.npmjs.org/nth-check/-/nth-check-2.0.0.tgz",
      "integrity": "sha512-i4sc/Kj8htBrAiH1viZ0TgU8Y5XqCaV/FziYK6TBczxmeKm3AEFWqqF3195yKudrarqy7Zu80Ra5dobFjn9X/Q==",
      "dependencies": {
        "boolbase": "^1.0.0"
      }
    },
    "node_modules/object-path": {
      "version": "0.11.5",
      "resolved": "https://registry.npmjs.org/object-path/-/object-path-0.11.5.tgz",
      "integrity": "sha512-jgSbThcoR/s+XumvGMTMf81QVBmah+/Q7K7YduKeKVWL7N111unR2d6pZZarSk6kY/caeNxUDyxOvMWyzoU2eg==",
      "engines": {
        "node": ">= 10.12.0"
      }
    },
    "node_modules/regenerator-runtime": {
      "version": "0.13.7",
      "resolved": "https://registry.npmjs.org/regenerator-runtime/-/regenerator-runtime-0.13.7.tgz",
      "integrity": "sha512-a54FxoJDIr27pgf7IgeQGxmqUNYrcV338lf/6gH456HZ/PhX+5BcwHXG9ajESmwe6WRO0tAzRUrRmNONWgkrew=="
    },
    "node_modules/string-character-is-astral-surrogate": {
      "version": "1.13.0",
      "resolved": "https://registry.npmjs.org/string-character-is-astral-surrogate/-/string-character-is-astral-surrogate-1.13.0.tgz",
      "integrity": "sha512-tKRG2qaGiV2ntUur32sfeAypqTvMUtl+8spEYSJzDsee4lKGMFxQmdHIyCw/uiWWQSve+DQmde2japDYZlQpLA==",
      "dependencies": {
        "@babel/runtime": "^7.14.0"
      }
    },
    "node_modules/string-find-malformed": {
      "version": "2.1.0",
      "resolved": "https://registry.npmjs.org/string-find-malformed/-/string-find-malformed-2.1.0.tgz",
      "integrity": "sha512-bEjSfv6hfrP4RXl/FDDw0arNEqDiRJFoeXRhQQ641HqQGY+Cew/3WstWHjqQRigSjljBPv0dpB2EWzTYSGG3cQ==",
      "dependencies": {
        "@babel/runtime": "^7.14.0",
        "string-left-right": "^4.1.0"
      }
    },
    "node_modules/string-left-right": {
      "version": "4.1.0",
      "resolved": "https://registry.npmjs.org/string-left-right/-/string-left-right-4.1.0.tgz",
      "integrity": "sha512-ic/WvfNVUygWWsgg8akzSzp2NuttfhrdbH7QmSnda5b5RFmT9aCEDiS/M+gmTJwtFy7+b/2AXU4Z6vejcePQqQ==",
      "dependencies": {
        "@babel/runtime": "^7.14.0",
        "lodash.clonedeep": "^4.5.0",
        "lodash.isplainobject": "^4.0.6"
      }
    },
    "node_modules/string-match-left-right": {
      "version": "7.1.0",
      "resolved": "https://registry.npmjs.org/string-match-left-right/-/string-match-left-right-7.1.0.tgz",
      "integrity": "sha512-PSyXWesECKYnTJy6xaXAz/2AiyIjrga2hhMN8QbSNGwsnxcpWxt5pMpc7JQIzPkkEwDwip8PdIuU110xKuBevg==",
      "dependencies": {
        "@babel/runtime": "^7.14.0",
        "arrayiffy-if-string": "^3.14.0",
        "lodash.isplainobject": "^4.0.6",
        "string-character-is-astral-surrogate": "^1.13.0"
      }
    }
  },
  "dependencies": {
    "@babel/runtime": {
      "version": "7.14.6",
      "resolved": "https://registry.npmjs.org/@babel/runtime/-/runtime-7.14.6.tgz",
      "integrity": "sha512-/PCB2uJ7oM44tz8YhC4Z/6PeOKXp4K588f+5M3clr1M4zbqztlo0XEfJ2LEzj/FgwfgGcIdl8n7YYjTCI0BYwg==",
      "requires": {
        "regenerator-runtime": "^0.13.4"
      }
    },
    "arrayiffy-if-string": {
      "version": "3.14.0",
      "resolved": "https://registry.npmjs.org/arrayiffy-if-string/-/arrayiffy-if-string-3.14.0.tgz",
      "integrity": "sha512-pQQDnM+wOBvgElVGB8//y16IpZEsi3mU3jkjvhJCm3J7zSvRPlm/8Wl76gE1O9vnU1CWcz2u5JfsOLtD7yvuLw==",
      "requires": {
        "@babel/runtime": "^7.14.0"
      }
    },
    "ast-monkey-util": {
      "version": "1.4.0",
      "resolved": "https://registry.npmjs.org/ast-monkey-util/-/ast-monkey-util-1.4.0.tgz",
      "integrity": "sha512-GjdhxUtsWb/kbeGJzhHj7hnEWhxcaqkihAyxrE4hDiuYwcyU8CXG8YVZcF+WLp10dvZHdIcALQx7iye2HcyMZg==",
      "requires": {
        "@babel/runtime": "^7.14.0"
      }
    },
    "boolbase": {
      "version": "1.0.0",
      "resolved": "https://registry.npmjs.org/boolbase/-/boolbase-1.0.0.tgz",
      "integrity": "sha1-aN/1++YMUes3cl6p4+0xDcwed24="
    },
    "codsen-parser": {
      "version": "0.11.0",
      "resolved": "https://registry.npmjs.org/codsen-parser/-/codsen-parser-0.11.0.tgz",
      "integrity": "sha512-LIjaxCr676Idhubl5RqVZamyn8Y5i0cg1mkxDH3cPbhZCJZoF1LBf44K4DzuDABL4BoYzm3vxbmnPRVehyM7rQ==",
      "requires": {
        "@babel/runtime": "^7.14.0",
        "ast-monkey-util": "^1.4.0",
        "codsen-tokenizer": "^5.6.0",
        "object-path": "^0.11.5",
        "string-find-malformed": "^2.1.0",
        "string-left-right": "^4.1.0"
      }
    },
    "codsen-tokenizer": {
      "version": "5.6.0",
      "resolved": "https://registry.npmjs.org/codsen-tokenizer/-/codsen-tokenizer-5.6.0.tgz",
      "integrity": "sha512-r3lHDrtC3fE7oiZtZ1bJ9hdYjrk63OT7bRWuCt2IF0lLyG42lTmxkLjzUWr8TndMUBe8vkkUBXg5aXHyY4e6Eg==",
      "requires": {
        "@babel/runtime": "^7.14.0",
        "html-all-known-attributes": "^4.1.0",
        "is-char-suitable-for-html-attr-name": "^2.1.0",
        "is-html-attribute-closing": "^2.3.0",
        "is-html-tag-opening": "^2.1.0",
        "lodash.clonedeep": "^4.5.0",
        "lodash.isplainobject": "^4.0.6",
        "string-left-right": "^4.1.0",
        "string-match-left-right": "^7.1.0"
      }
    },
    "css-select": {
      "version": "3.1.1",
      "resolved": "https://registry.npmjs.org/css-select/-/css-select-3.1.1.tgz",
      "integrity": "sha512-6h3ECMuVhTcISNgmavw2YqWiuPY0jurQYWdob5au8z0H84xkFE23Sv6ML+Y42fMNqXsaUB69+3MTpX4uFEMY+g==",
      "requires": {
        "boolbase": "^1.0.0",
        "css-what": "^4.0.0",
        "domhandler": "^4.0.0",
        "domutils": "^2.4.3",
        "nth-check": "^2.0.0"
      }
    },
    "css-what": {
      "version": "4.0.0",
      "resolved": "https://registry.npmjs.org/css-what/-/css-what-4.0.0.tgz",
      "integrity": "sha512-teijzG7kwYfNVsUh2H/YN62xW3KK9YhXEgSlbxMlcyjPNvdKJqFx5lrwlJgoFP1ZHlB89iGDlo/JyshKeRhv5A=="
    },
    "dom-serializer": {
      "version": "1.2.0",
      "resolved": "https://registry.npmjs.org/dom-serializer/-/dom-serializer-1.2.0.tgz",
      "integrity": "sha512-n6kZFH/KlCrqs/1GHMOd5i2fd/beQHuehKdWvNNffbGHTr/almdhuVvTVFb3V7fglz+nC50fFusu3lY33h12pA==",
      "requires": {
        "domelementtype": "^2.0.1",
        "domhandler": "^4.0.0",
        "entities": "^2.0.0"
      }
    },
    "domelementtype": {
      "version": "2.1.0",
      "resolved": "https://registry.npmjs.org/domelementtype/-/domelementtype-2.1.0.tgz",
      "integrity": "sha512-LsTgx/L5VpD+Q8lmsXSHW2WpA+eBlZ9HPf3erD1IoPF00/3JKHZ3BknUVA2QGDNu69ZNmyFmCWBSO45XjYKC5w=="
    },
    "domhandler": {
      "version": "4.0.0",
      "resolved": "https://registry.npmjs.org/domhandler/-/domhandler-4.0.0.tgz",
      "integrity": "sha512-KPTbnGQ1JeEMQyO1iYXoagsI6so/C96HZiFyByU3T6iAzpXn8EGEvct6unm1ZGoed8ByO2oirxgwxBmqKF9haA==",
      "requires": {
        "domelementtype": "^2.1.0"
      }
    },
    "domutils": {
      "version": "2.4.4",
      "resolved": "https://registry.npmjs.org/domutils/-/domutils-2.4.4.tgz",
      "integrity": "sha512-jBC0vOsECI4OMdD0GC9mGn7NXPLb+Qt6KW1YDQzeQYRUFKmNG8lh7mO5HiELfr+lLQE7loDVI4QcAxV80HS+RA==",
      "requires": {
        "dom-serializer": "^1.0.1",
        "domelementtype": "^2.0.1",
        "domhandler": "^4.0.0"
      }
    },
    "entities": {
      "version": "2.1.0",
      "resolved": "https://registry.npmjs.org/entities/-/entities-2.1.0.tgz",
      "integrity": "sha512-hCx1oky9PFrJ611mf0ifBLBRW8lUUVRlFolb5gWRfIELabBlbp9xZvrqZLZAs+NxFnbfQoeGd8wDkygjg7U85w=="
    },
    "html-all-known-attributes": {
      "version": "4.1.0",
      "resolved": "https://registry.npmjs.org/html-all-known-attributes/-/html-all-known-attributes-4.1.0.tgz",
      "integrity": "sha512-KaSC/go1CspiJ1Xs5abPYbSbFnfIOE4eaEHnrWryql8lgX58W006uu3NjK4SHTUquM7QSFYzEqWuVI5psE7Ocg==",
      "requires": {
        "@babel/runtime": "^7.14.0"
      }
    },
    "is-char-suitable-for-html-attr-name": {
      "version": "2.1.0",
      "resolved": "https://registry.npmjs.org/is-char-suitable-for-html-attr-name/-/is-char-suitable-for-html-attr-name-2.1.0.tgz",
      "integrity": "sha512-tftj5TBEAIzYs+GDzmtM0rDuRGI/6JVCXXctxLAb/zqAWoudnyGMkFpixmBGhRmadc0Q0wzJ8BLZgLJeWqLo0Q==",
      "requires": {
        "@babel/runtime": "^7.14.0"
      }
    },
    "is-html-attribute-closing": {
      "version": "2.3.0",
      "resolved": "https://registry.npmjs.org/is-html-attribute-closing/-/is-html-attribute-closing-2.3.0.tgz",
      "integrity": "sha512-XTtYjo8F0kv5BW8aVz4+ynz23by4x9DOT3SKId+WRc2LZyFDXKMpr1W3k5BCriTc+vFsyJZB6rGXP9N4N+KCjQ==",
      "requires": {
        "@babel/runtime": "^7.14.0",
        "html-all-known-attributes": "^4.1.0",
        "is-char-suitable-for-html-attr-name": "^2.1.0",
        "string-left-right": "^4.1.0",
        "string-match-left-right": "^7.1.0"
      }
    },
    "is-html-tag-opening": {
      "version": "2.1.0",
      "resolved": "https://registry.npmjs.org/is-html-tag-opening/-/is-html-tag-opening-2.1.0.tgz",
      "integrity": "sha512-97xTbeQXxbPLMo+nlmHELuTa45PWlSgsvujIETJnaEv7uRw5mP7s5lcgXLIAq0Rxg1a3Hgwt9tCYA2S72zl1gg==",
      "requires": {
        "@babel/runtime": "^7.14.0",
        "string-left-right": "^4.1.0",
        "string-match-left-right": "^7.1.0"
      }
    },
    "lodash.clonedeep": {
      "version": "4.5.0",
      "resolved": "https://registry.npmjs.org/lodash.clonedeep/-/lodash.clonedeep-4.5.0.tgz",
      "integrity": "sha1-4j8/nE+Pvd6HJSnBBxhXoIblzO8="
    },
    "lodash.isplainobject": {
      "version": "4.0.6",
      "resolved": "https://registry.npmjs.org/lodash.isplainobject/-/lodash.isplainobject-4.0.6.tgz",
      "integrity": "sha1-fFJqUtibRcRcxpC4gWO+BJf1UMs="
    },
    "nth-check": {
      "version": "2.0.0",
      "resolved": "https://registry.npmjs.org/nth-check/-/nth-check-2.0.0.tgz",
      "integrity": "sha512-i4sc/Kj8htBrAiH1viZ0TgU8Y5XqCaV/FziYK6TBczxmeKm3AEFWqqF3195yKudrarqy7Zu80Ra5dobFjn9X/Q==",
      "requires": {
        "boolbase": "^1.0.0"
      }
    },
    "object-path": {
      "version": "0.11.5",
      "resolved": "https://registry.npmjs.org/object-path/-/object-path-0.11.5.tgz",
      "integrity": "sha512-jgSbThcoR/s+XumvGMTMf81QVBmah+/Q7K7YduKeKVWL7N111unR2d6pZZarSk6kY/caeNxUDyxOvMWyzoU2eg=="
    },
    "regenerator-runtime": {
      "version": "0.13.7",
      "resolved": "https://registry.npmjs.org/regenerator-runtime/-/regenerator-runtime-0.13.7.tgz",
      "integrity": "sha512-a54FxoJDIr27pgf7IgeQGxmqUNYrcV338lf/6gH456HZ/PhX+5BcwHXG9ajESmwe6WRO0tAzRUrRmNONWgkrew=="
    },
    "string-character-is-astral-surrogate": {
      "version": "1.13.0",
      "resolved": "https://registry.npmjs.org/string-character-is-astral-surrogate/-/string-character-is-astral-surrogate-1.13.0.tgz",
      "integrity": "sha512-tKRG2qaGiV2ntUur32sfeAypqTvMUtl+8spEYSJzDsee4lKGMFxQmdHIyCw/uiWWQSve+DQmde2japDYZlQpLA==",
      "requires": {
        "@babel/runtime": "^7.14.0"
      }
    },
    "string-find-malformed": {
      "version": "2.1.0",
      "resolved": "https://registry.npmjs.org/string-find-malformed/-/string-find-malformed-2.1.0.tgz",
      "integrity": "sha512-bEjSfv6hfrP4RXl/FDDw0arNEqDiRJFoeXRhQQ641HqQGY+Cew/3WstWHjqQRigSjljBPv0dpB2EWzTYSGG3cQ==",
      "requires": {
        "@babel/runtime": "^7.14.0",
        "string-left-right": "^4.1.0"
      }
    },
    "string-left-right": {
      "version": "4.1.0",
      "resolved": "https://registry.npmjs.org/string-left-right/-/string-left-right-4.1.0.tgz",
      "integrity": "sha512-ic/WvfNVUygWWsgg8akzSzp2NuttfhrdbH7QmSnda5b5RFmT9aCEDiS/M+gmTJwtFy7+b/2AXU4Z6vejcePQqQ==",
      "requires": {
        "@babel/runtime": "^7.14.0",
        "lodash.clonedeep": "^4.5.0",
        "lodash.isplainobject": "^4.0.6"
      }
    },
    "string-match-left-right": {
      "version": "7.1.0",
      "resolved": "https://registry.npmjs.org/string-match-left-right/-/string-match-left-right-7.1.0.tgz",
      "integrity": "sha512-PSyXWesECKYnTJy6xaXAz/2AiyIjrga2hhMN8QbSNGwsnxcpWxt5pMpc7JQIzPkkEwDwip8PdIuU110xKuBevg==",
      "requires": {
        "@babel/runtime": "^7.14.0",
        "arrayiffy-if-string": "^3.14.0",
        "lodash.isplainobject": "^4.0.6",
        "string-character-is-astral-surrogate": "^1.13.0"
      }
    }
  }
}
