{
  "name": "@useparcel/tape",
  "version": "0.4.2",
  "lockfileVersion": 1,
  "requires": true,
  "dependencies": {
    "@babel/runtime": {
      "version": "7.14.6",
      "resolved": "https://registry.npmjs.org/@babel/runtime/-/runtime-7.14.6.tgz",
      "integrity": "sha512-/PCB2uJ7oM44tz8YhC4Z/6PeOKXp4K588f+5M3clr1M4zbqztlo0XEfJ2LEzj/FgwfgGcIdl8n7YYjTCI0BYwg==",
      "requires": {
        "regenerator-runtime": "^0.13.4"
      }
    },
    "@useparcel/tape-css": {
      "version": "0.4.0",
      "resolved": "https://registry.npmjs.org/@useparcel/tape-css/-/tape-css-0.4.0.tgz",
      "integrity": "sha512-7z66YOFfLj1EWGT6mz66ZLPiacmYdwje7hejJso2p3ikAD06UHp5XDof0zEDM/BRcqbBIdSHr4Q0XrMrC+vS7g==",
      "requires": {
        "find-css-dependencies": "^0.4.0",
        "is-absolute-url": "^3.0.3",
        "magic-string": "^0.25.7"
      }
    },
    "@useparcel/tape-html": {
      "version": "0.4.2",
      "resolved": "https://registry.npmjs.org/@useparcel/tape-html/-/tape-html-0.4.2.tgz",
      "integrity": "sha512-V6X5C7wMWw3zOecnw8jDASzd3xJ/8I/hhZ/rU3387qDYtOcBhkPcPk6d0KnN+6UohblmaSdMHMuXRcFijeHy7A==",
      "requires": {
        "codsen-parser": "^0.8.3",
        "find-embedded-documents": "^0.4.0",
        "find-html-dependencies": "^0.4.2",
        "is-absolute-url": "^3.0.3",
        "magic-string": "^0.25.7"
      }
    },
    "arrayiffy-if-string": {
      "version": "3.14.0",
      "resolved": "https://registry.npmjs.org/arrayiffy-if-string/-/arrayiffy-if-string-3.14.0.tgz",
      "integrity": "sha512-pQQDnM+wOBvgElVGB8//y16IpZEsi3mU3jkjvhJCm3J7zSvRPlm/8Wl76gE1O9vnU1CWcz2u5JfsOLtD7yvuLw==",
      "requires": {
        "@babel/runtime": "^7.14.0"
      }
    },
    "ast-monkey-util": {
      "version": "1.4.0",
      "resolved": "https://registry.npmjs.org/ast-monkey-util/-/ast-monkey-util-1.4.0.tgz",
      "integrity": "sha512-GjdhxUtsWb/kbeGJzhHj7hnEWhxcaqkihAyxrE4hDiuYwcyU8CXG8YVZcF+WLp10dvZHdIcALQx7iye2HcyMZg==",
      "requires": {
        "@babel/runtime": "^7.14.0"
      }
    },
    "boolbase": {
      "version": "1.0.0",
      "resolved": "https://registry.npmjs.org/boolbase/-/boolbase-1.0.0.tgz",
      "integrity": "sha1-aN/1++YMUes3cl6p4+0xDcwed24="
    },
    "charenc": {
      "version": "0.0.2",
      "resolved": "https://registry.npmjs.org/charenc/-/charenc-0.0.2.tgz",
      "integrity": "sha1-wKHS86cJLgN3S/qD8UwPxXkKhmc="
    },
    "codsen-parser": {
      "version": "0.8.6",
      "resolved": "https://registry.npmjs.org/codsen-parser/-/codsen-parser-0.8.6.tgz",
      "integrity": "sha512-CoihZhu08BSK+8tLDtYP/0JYGSLIioswkq/r0SxyO+yfijA1PO2MaaZk72uXdnQ6SPkD1OyKM7oKg4wOlh0bTA==",
      "requires": {
        "ast-monkey-util": "^1.2.0",
        "codsen-tokenizer": "^4.5.1",
        "object-path": "^0.11.5",
        "string-find-malformed": "^1.2.1",
        "string-left-right": "^3.0.1"
      }
    },
    "codsen-tokenizer": {
      "version": "4.5.1",
      "resolved": "https://registry.npmjs.org/codsen-tokenizer/-/codsen-tokenizer-4.5.1.tgz",
      "integrity": "sha512-BD40xTzxyq4ExRgUZ2aQicIWaPKKNuIkiVheoHMxpiXI29TP8Rf90uG4V6ECvwPeeAaHCQ6h0wTqACFw+4x0gA==",
      "requires": {
        "html-all-known-attributes": "^3.0.0",
        "is-char-suitable-for-html-attr-name": "^1.2.0",
        "is-html-attribute-closing": "^1.5.0",
        "is-html-tag-opening": "^1.10.1",
        "lodash.clonedeep": "^4.5.0",
        "lodash.isplainobject": "^4.0.6",
        "string-left-right": "^3.0.1",
        "string-match-left-right": "^5.0.0"
      }
    },
    "crypt": {
      "version": "0.0.2",
      "resolved": "https://registry.npmjs.org/crypt/-/crypt-0.0.2.tgz",
      "integrity": "sha1-iNf/fsDfuG9xPch7u0LQRNPmxBs="
    },
    "css-select": {
      "version": "3.1.2",
      "resolved": "https://registry.npmjs.org/css-select/-/css-select-3.1.2.tgz",
      "integrity": "sha512-qmss1EihSuBNWNNhHjxzxSfJoFBM/lERB/Q4EnsJQQC62R2evJDW481091oAdOr9uh46/0n4nrg0It5cAnj1RA==",
      "requires": {
        "boolbase": "^1.0.0",
        "css-what": "^4.0.0",
        "domhandler": "^4.0.0",
        "domutils": "^2.4.3",
        "nth-check": "^2.0.0"
      }
    },
    "css-select-codsen-parser": {
      "version": "0.4.0",
      "resolved": "https://registry.npmjs.org/css-select-codsen-parser/-/css-select-codsen-parser-0.4.0.tgz",
      "integrity": "sha512-qKVizR1o0mb2kCYL4qpXuXF4RiUV/KydX2fpccHBieXlPNAWADscedH3H561kgVzYDfFgA7cQQEDeaERT1r0Kg=="
    },
    "css-what": {
      "version": "4.0.0",
      "resolved": "https://registry.npmjs.org/css-what/-/css-what-4.0.0.tgz",
      "integrity": "sha512-teijzG7kwYfNVsUh2H/YN62xW3KK9YhXEgSlbxMlcyjPNvdKJqFx5lrwlJgoFP1ZHlB89iGDlo/JyshKeRhv5A=="
    },
    "dependency-graph": {
      "version": "0.9.0",
      "resolved": "https://registry.npmjs.org/dependency-graph/-/dependency-graph-0.9.0.tgz",
      "integrity": "sha512-9YLIBURXj4DJMFALxXw9K3Y3rwb5Fk0X5/8ipCzaN84+gKxoHK43tVKRNakCQbiEx07E8Uwhuq21BpUagFhZ8w=="
    },
    "dom-serializer": {
      "version": "1.3.2",
      "resolved": "https://registry.npmjs.org/dom-serializer/-/dom-serializer-1.3.2.tgz",
      "integrity": "sha512-5c54Bk5Dw4qAxNOI1pFEizPSjVsx5+bpJKmL2kPn8JhBUq2q09tTCa3mjijun2NfK78NMouDYNMBkOrPZiS+ig==",
      "requires": {
        "domelementtype": "^2.0.1",
        "domhandler": "^4.2.0",
        "entities": "^2.0.0"
      }
    },
    "domelementtype": {
      "version": "2.2.0",
      "resolved": "https://registry.npmjs.org/domelementtype/-/domelementtype-2.2.0.tgz",
      "integrity": "sha512-DtBMo82pv1dFtUmHyr48beiuq792Sxohr+8Hm9zoxklYPfa6n0Z3Byjj2IV7bmr2IyqClnqEQhfgHJJ5QF0R5A=="
    },
    "domhandler": {
      "version": "4.2.0",
      "resolved": "https://registry.npmjs.org/domhandler/-/domhandler-4.2.0.tgz",
      "integrity": "sha512-zk7sgt970kzPks2Bf+dwT/PLzghLnsivb9CcxkvR8Mzr66Olr0Ofd8neSbglHJHaHa2MadfoSdNlKYAaafmWfA==",
      "requires": {
        "domelementtype": "^2.2.0"
      }
    },
    "domutils": {
      "version": "2.7.0",
      "resolved": "https://registry.npmjs.org/domutils/-/domutils-2.7.0.tgz",
      "integrity": "sha512-8eaHa17IwJUPAiB+SoTYBo5mCdeMgdcAoXJ59m6DT1vw+5iLS3gNoqYaRowaBKtGVrOF1Jz4yDTgYKLK2kvfJg==",
      "requires": {
        "dom-serializer": "^1.0.1",
        "domelementtype": "^2.2.0",
        "domhandler": "^4.2.0"
      }
    },
    "entities": {
      "version": "2.2.0",
      "resolved": "https://registry.npmjs.org/entities/-/entities-2.2.0.tgz",
      "integrity": "sha512-p92if5Nz619I0w+akJrLZH0MX0Pb5DX39XOwQTtXSdQQOaYH03S1uIQp4mhOZtAXrxq4ViO67YTiLBo2638o9A=="
    },
    "filename-reserved-regex": {
      "version": "2.0.0",
      "resolved": "https://registry.npmjs.org/filename-reserved-regex/-/filename-reserved-regex-2.0.0.tgz",
      "integrity": "sha1-q/c9+rc10EVECr/qLZHzieu/oik="
    },
    "find-css-dependencies": {
      "version": "0.4.0",
      "resolved": "https://registry.npmjs.org/find-css-dependencies/-/find-css-dependencies-0.4.0.tgz",
      "integrity": "sha512-dPNUjpUSSFRD0EJ23XZd7BL3qf5P+9ynO0OEfkqc22ng+xb4+dhL2h4jV2uEQO4c6BC0Z8nabY/BGtqZEHmXMA=="
    },
    "find-embedded-documents": {
      "version": "0.4.0",
      "resolved": "https://registry.npmjs.org/find-embedded-documents/-/find-embedded-documents-0.4.0.tgz",
      "integrity": "sha512-sNrwLejvbeYJnj5N10gXyo22bkZKqkI9oqk1FOskGJ6NLMXgj9lKjity//VAF+Mbm7qAYlt96GkXArwS2TJrsg==",
      "requires": {
        "codsen-parser": "^0.8.3",
        "css-select": "^3.1.1",
        "css-select-codsen-parser": "^0.4.0"
      }
    },
    "find-html-dependencies": {
      "version": "0.4.2",
      "resolved": "https://registry.npmjs.org/find-html-dependencies/-/find-html-dependencies-0.4.2.tgz",
      "integrity": "sha512-hKwFh1EPXL/RsX9ONZ4uY9EgnzNOh4tAxUwlZWQPlSOnG4i7UYxM7KISHCGdUFIQjK6h2xx8oHdhtJPASqDoMw==",
      "requires": {
        "codsen-parser": "^0.8.3",
        "css-select": "^3.1.1",
        "css-select-codsen-parser": "^0.4.0"
      }
    },
    "html-all-known-attributes": {
      "version": "3.0.0",
      "resolved": "https://registry.npmjs.org/html-all-known-attributes/-/html-all-known-attributes-3.0.0.tgz",
      "integrity": "sha512-EojKoGcIC7RHj4wsZXFyhDnfVvjxDDQ3iQSWQsZyqRE6jmQrj6doqradN77/3jplMGxncECL6WtRbJ2SBp3Jdw=="
    },
    "is-absolute-url": {
      "version": "3.0.3",
      "resolved": "https://registry.npmjs.org/is-absolute-url/-/is-absolute-url-3.0.3.tgz",
      "integrity": "sha512-opmNIX7uFnS96NtPmhWQgQx6/NYFgsUXYMllcfzwWKUMwfo8kku1TvE6hkNcH+Q1ts5cMVrsY7j0bxXQDciu9Q=="
    },
    "is-buffer": {
      "version": "1.1.6",
      "resolved": "https://registry.npmjs.org/is-buffer/-/is-buffer-1.1.6.tgz",
      "integrity": "sha512-NcdALwpXkTm5Zvvbk7owOUSvVvBKDgKP5/ewfXEznmQFfs4ZRmanOeKBTjRVjka3QFoN6XJ+9F3USqfHqTaU5w=="
    },
    "is-char-suitable-for-html-attr-name": {
      "version": "1.2.0",
      "resolved": "https://registry.npmjs.org/is-char-suitable-for-html-attr-name/-/is-char-suitable-for-html-attr-name-1.2.0.tgz",
      "integrity": "sha512-KConvKtJdKBj3b5nTOID1NIHxjKDO3yeqfviK1vQyDUMSe64nxaTP0l3Peo/pDsXt0tb49x+xmNJD6kKkfgDrg=="
    },
    "is-html-attribute-closing": {
      "version": "1.5.0",
      "resolved": "https://registry.npmjs.org/is-html-attribute-closing/-/is-html-attribute-closing-1.5.0.tgz",
      "integrity": "sha512-JCD0x8VEXy8mKtbaAE74U5+FOtLYxekCaFh/RUQ57KbhInxn3Q7SOA5BzP13NDMiNw4DRJt1chHMPhDYV+JeYg==",
      "requires": {
        "html-all-known-attributes": "^3.0.0",
        "is-char-suitable-for-html-attr-name": "^1.2.0",
        "string-left-right": "^3.0.1",
        "string-match-left-right": "^5.0.0"
      }
    },
    "is-html-tag-opening": {
      "version": "1.10.1",
      "resolved": "https://registry.npmjs.org/is-html-tag-opening/-/is-html-tag-opening-1.10.1.tgz",
      "integrity": "sha512-i0fi4JKJ8RQKXSom/Ss9DOCKSwHirn8OlK8gUzANDnbS3BmnKb3/ndfiINsocOmF96bMB73n2l2MtSrE1123qQ==",
      "requires": {
        "string-left-right": "^3.0.1",
        "string-match-left-right": "^5.0.0"
      }
    },
    "lodash": {
      "version": "4.17.20",
      "resolved": "https://registry.npmjs.org/lodash/-/lodash-4.17.20.tgz",
      "integrity": "sha512-PlhdFcillOINfeV7Ni6oF1TAEayyZBoZ8bcshTHqOYJYlrqzRK5hagpagky5o4HfCzzd1TRkXPMFq6cKk9rGmA=="
    },
    "lodash.clonedeep": {
      "version": "4.5.0",
      "resolved": "https://registry.npmjs.org/lodash.clonedeep/-/lodash.clonedeep-4.5.0.tgz",
      "integrity": "sha1-4j8/nE+Pvd6HJSnBBxhXoIblzO8="
    },
    "lodash.isplainobject": {
      "version": "4.0.6",
      "resolved": "https://registry.npmjs.org/lodash.isplainobject/-/lodash.isplainobject-4.0.6.tgz",
      "integrity": "sha1-fFJqUtibRcRcxpC4gWO+BJf1UMs="
    },
    "magic-string": {
      "version": "0.25.7",
      "resolved": "https://registry.npmjs.org/magic-string/-/magic-string-0.25.7.tgz",
      "integrity": "sha512-4CrMT5DOHTDk4HYDlzmwu4FVCcIYI8gauveasrdCu2IKIFOJ3f0v/8MDGJCDL9oD2ppz/Av1b0Nj345H9M+XIA==",
      "requires": {
        "sourcemap-codec": "^1.4.4"
      }
    },
    "md5": {
      "version": "2.3.0",
      "resolved": "https://registry.npmjs.org/md5/-/md5-2.3.0.tgz",
      "integrity": "sha512-T1GITYmFaKuO91vxyoQMFETst+O71VUPEU3ze5GNzDm0OWdP8v1ziTaAEPUr/3kLsY3Sftgz242A1SetQiDL7g==",
      "requires": {
        "charenc": "0.0.2",
        "crypt": "0.0.2",
        "is-buffer": "~1.1.6"
      }
    },
    "mitt": {
      "version": "2.1.0",
      "resolved": "https://registry.npmjs.org/mitt/-/mitt-2.1.0.tgz",
      "integrity": "sha512-ILj2TpLiysu2wkBbWjAmww7TkZb65aiQO+DkVdUTBpBXq+MHYiETENkKFMtsJZX1Lf4pe4QOrTSjIfUwN5lRdg=="
    },
    "nth-check": {
      "version": "2.0.0",
      "resolved": "https://registry.npmjs.org/nth-check/-/nth-check-2.0.0.tgz",
      "integrity": "sha512-i4sc/Kj8htBrAiH1viZ0TgU8Y5XqCaV/FziYK6TBczxmeKm3AEFWqqF3195yKudrarqy7Zu80Ra5dobFjn9X/Q==",
      "requires": {
        "boolbase": "^1.0.0"
      }
    },
    "object-path": {
      "version": "0.11.5",
      "resolved": "https://registry.npmjs.org/object-path/-/object-path-0.11.5.tgz",
      "integrity": "sha512-jgSbThcoR/s+XumvGMTMf81QVBmah+/Q7K7YduKeKVWL7N111unR2d6pZZarSk6kY/caeNxUDyxOvMWyzoU2eg=="
    },
    "regenerator-runtime": {
      "version": "0.13.7",
      "resolved": "https://registry.npmjs.org/regenerator-runtime/-/regenerator-runtime-0.13.7.tgz",
      "integrity": "sha512-a54FxoJDIr27pgf7IgeQGxmqUNYrcV338lf/6gH456HZ/PhX+5BcwHXG9ajESmwe6WRO0tAzRUrRmNONWgkrew=="
    },
    "sourcemap-codec": {
      "version": "1.4.8",
      "resolved": "https://registry.npmjs.org/sourcemap-codec/-/sourcemap-codec-1.4.8.tgz",
      "integrity": "sha512-9NykojV5Uih4lgo5So5dtw+f0JgJX30KCNI8gwhz2J9A15wD0Ml6tjHKwf6fTSa6fAdVBdZeNOs9eJ71qCk8vA=="
    },
    "string-character-is-astral-surrogate": {
      "version": "1.13.0",
      "resolved": "https://registry.npmjs.org/string-character-is-astral-surrogate/-/string-character-is-astral-surrogate-1.13.0.tgz",
      "integrity": "sha512-tKRG2qaGiV2ntUur32sfeAypqTvMUtl+8spEYSJzDsee4lKGMFxQmdHIyCw/uiWWQSve+DQmde2japDYZlQpLA==",
      "requires": {
        "@babel/runtime": "^7.14.0"
      }
    },
    "string-find-malformed": {
      "version": "1.2.1",
      "resolved": "https://registry.npmjs.org/string-find-malformed/-/string-find-malformed-1.2.1.tgz",
      "integrity": "sha512-UbczeW0PQBECMT2R8ruYmNgGxkdLzdByItkTF88rYBhL+2+T8tywvw2vX+SWHSDpqUYOHq9eLsIx1rg0y2uFFw==",
      "requires": {
        "string-left-right": "^3.0.1"
      }
    },
    "string-left-right": {
      "version": "3.0.1",
      "resolved": "https://registry.npmjs.org/string-left-right/-/string-left-right-3.0.1.tgz",
      "integrity": "sha512-30bO/J4XHMFgk3I2h0ZUkhvzkryWbb/T4hxvBPyiw8DIfjgK0Relc/sla4LS/kK7UMFys5Sj69Cm+si4rx+nbQ==",
      "requires": {
        "lodash.clonedeep": "^4.5.0",
        "lodash.isplainobject": "^4.0.6"
      }
    },
    "string-match-left-right": {
      "version": "5.0.0",
      "resolved": "https://registry.npmjs.org/string-match-left-right/-/string-match-left-right-5.0.0.tgz",
      "integrity": "sha512-44hzUmoKsruBM6yUvl73XLRktqzG+/+S/iSFFlPN/7Jfmt2jXaTbp31DTXVCEjlp3BXeLvBnIMDsIatNk7KLvw==",
      "requires": {
        "arrayiffy-if-string": "^3.12.0",
        "lodash.isplainobject": "^4.0.6",
        "string-character-is-astral-surrogate": "^1.11.0"
      }
    },
    "valid-filename": {
      "version": "3.1.0",
      "resolved": "https://registry.npmjs.org/valid-filename/-/valid-filename-3.1.0.tgz",
      "integrity": "sha512-O99sdfhdGCiWoN4cv6Unq4eJ2EuXwRsOLCeSw+IJyMYgwVK0BPmaUnzhWQw5E8qknLTVrVExCr6xxTBnRBvtsQ==",
      "requires": {
        "filename-reserved-regex": "^2.0.0"
      }
    }
  }
}
