{
  "name": "@useparcel/tape-html-minify",
  "version": "0.4.0",
  "lockfileVersion": 1,
  "requires": true,
  "dependencies": {
    "@babel/runtime": {
      "version": "7.13.10",
      "resolved": "https://registry.npmjs.org/@babel/runtime/-/runtime-7.13.10.tgz",
      "integrity": "sha512-4QPkjJq6Ns3V/RgpEahRk+AGfL0eO6RHHtTWoNNr5mO49G6B5+X6d6THgWEAvTrznU5xYpbAlVKRYcsCgh/Akw==",
      "requires": {
        "regenerator-runtime": "^0.13.4"
      }
    },
    "arrayiffy-if-string": {
      "version": "3.13.12",
      "resolved": "https://registry.npmjs.org/arrayiffy-if-string/-/arrayiffy-if-string-3.13.12.tgz",
      "integrity": "sha512-gGoqtYze4nCsBBCEVQWDxBwnYIRweKSOPf9WW5YjUxBP9Mx6fxPj/BksMqLrhQ+Ygaoc7kwpy+/56mU5r3vVjQ==",
      "requires": {
        "@babel/runtime": "^7.13.10"
      }
    },
    "html-crush": {
      "version": "4.1.6",
      "resolved": "https://registry.npmjs.org/html-crush/-/html-crush-4.1.6.tgz",
      "integrity": "sha512-KZCzUTfUKFhAL2/cei0Cn5gp4kIogkyoZM6CaeClhVLEgs86I1uIU5LXoSWLISlsDV06kORRzxXITbgoLzao5g==",
      "requires": {
        "@babel/runtime": "^7.13.10",
        "ranges-apply": "^5.0.12",
        "ranges-push": "^5.0.12",
        "string-left-right": "^4.0.12",
        "string-match-left-right": "^7.0.6",
        "string-range-expander": "^2.0.12",
        "test-mixer": "^2.0.12"
      }
    },
    "lodash.clonedeep": {
      "version": "4.5.0",
      "resolved": "https://registry.npmjs.org/lodash.clonedeep/-/lodash.clonedeep-4.5.0.tgz",
      "integrity": "sha1-4j8/nE+Pvd6HJSnBBxhXoIblzO8="
    },
    "lodash.intersection": {
      "version": "4.4.0",
      "resolved": "https://registry.npmjs.org/lodash.intersection/-/lodash.intersection-4.4.0.tgz",
      "integrity": "sha1-ChG6Yx0OlcI8fy9Mu5ppLtF45wU="
    },
    "lodash.isplainobject": {
      "version": "4.0.6",
      "resolved": "https://registry.npmjs.org/lodash.isplainobject/-/lodash.isplainobject-4.0.6.tgz",
      "integrity": "sha1-fFJqUtibRcRcxpC4gWO+BJf1UMs="
    },
    "lodash.pull": {
      "version": "4.1.0",
      "resolved": "https://registry.npmjs.org/lodash.pull/-/lodash.pull-4.1.0.tgz",
      "integrity": "sha1-YAYMxr1iW01FZ+wn3EXNG+nuwBI="
    },
    "object-boolean-combinations": {
      "version": "4.0.12",
      "resolved": "https://registry.npmjs.org/object-boolean-combinations/-/object-boolean-combinations-4.0.12.tgz",
      "integrity": "sha512-Z2KCYFu4hniIGbTpzZjtpzGseY4bEqqijc0ekHHjJARKdDvJq0Pn56A8ye8vyysWjaR2uTGJ0mnJhqQGyYJakg==",
      "requires": {
        "@babel/runtime": "^7.13.10",
        "lodash.clonedeep": "^4.5.0",
        "lodash.intersection": "^4.4.0",
        "lodash.isplainobject": "^4.0.6",
        "lodash.pull": "^4.1.0"
      }
    },
    "ranges-apply": {
      "version": "5.0.12",
      "resolved": "https://registry.npmjs.org/ranges-apply/-/ranges-apply-5.0.12.tgz",
      "integrity": "sha512-3Uv0jLpenXzRbgq55xriL1h6WrPpBFnleR+DNlTv82REEEHYk/MzTm5TCSst7d1jVafjBQG/b/29NRppUtLW9A==",
      "requires": {
        "@babel/runtime": "^7.13.10",
        "ranges-merge": "^7.0.12"
      }
    },
    "ranges-merge": {
      "version": "7.0.12",
      "resolved": "https://registry.npmjs.org/ranges-merge/-/ranges-merge-7.0.12.tgz",
      "integrity": "sha512-5h8irfgppRfcmakmNLsYSx27kpRnn8/PbIwh0c2s9uIPY9ypmI3Rh3bzt/kUWedvVlZiKaazs8YOKORu+e3UlA==",
      "requires": {
        "@babel/runtime": "^7.13.10",
        "ranges-push": "^5.0.12",
        "ranges-sort": "^4.0.12"
      }
    },
    "ranges-push": {
      "version": "5.0.12",
      "resolved": "https://registry.npmjs.org/ranges-push/-/ranges-push-5.0.12.tgz",
      "integrity": "sha512-IJW8NwYBaj5IvjR29A+d4HIeyTDF2SFiti26envanEpI0IjQXW4P5YVY6/IV61k1WoXiRpdk2sdjFc7jg1ZQgw==",
      "requires": {
        "@babel/runtime": "^7.13.10",
        "ranges-merge": "^7.0.12",
        "string-collapse-leading-whitespace": "^5.0.12",
        "string-trim-spaces-only": "^3.0.12"
      }
    },
    "ranges-sort": {
      "version": "4.0.12",
      "resolved": "https://registry.npmjs.org/ranges-sort/-/ranges-sort-4.0.12.tgz",
      "integrity": "sha512-iw1r1UH3WLY7MVGD+B/Jtew8+TXYIFM/gTYBYEvZgTJaXKt7kL82QKAEco8sKylU3MncpDXqeAliwhyByPo44g==",
      "requires": {
        "@babel/runtime": "^7.13.10"
      }
    },
    "regenerator-runtime": {
      "version": "0.13.7",
      "resolved": "https://registry.npmjs.org/regenerator-runtime/-/regenerator-runtime-0.13.7.tgz",
      "integrity": "sha512-a54FxoJDIr27pgf7IgeQGxmqUNYrcV338lf/6gH456HZ/PhX+5BcwHXG9ajESmwe6WRO0tAzRUrRmNONWgkrew=="
    },
    "string-character-is-astral-surrogate": {
      "version": "1.12.12",
      "resolved": "https://registry.npmjs.org/string-character-is-astral-surrogate/-/string-character-is-astral-surrogate-1.12.12.tgz",
      "integrity": "sha512-CL20Bu3Md9v7JIZJFWYUgz/fLA6ZCgQx2rKIkTPbY0VLmK/l+pb4sg6MryE8Z/0Qohl09HZ85X/8DhyQh7N1vw==",
      "requires": {
        "@babel/runtime": "^7.13.10"
      }
    },
    "string-collapse-leading-whitespace": {
      "version": "5.0.12",
      "resolved": "https://registry.npmjs.org/string-collapse-leading-whitespace/-/string-collapse-leading-whitespace-5.0.12.tgz",
      "integrity": "sha512-O82L41hwb5ehFDn9x9ZFV4o1OX9wuV6Q7jjEBHaUuR/H6HjJ0FRAuFqLCLmag1GbgnyenrWZrJtsQbEhUZifdg==",
      "requires": {
        "@babel/runtime": "^7.13.10"
      }
    },
    "string-left-right": {
      "version": "4.0.12",
      "resolved": "https://registry.npmjs.org/string-left-right/-/string-left-right-4.0.12.tgz",
      "integrity": "sha512-/Td2v+0ATu2sh1Oi7XQtGi5APT7hL/rMjsxNjwBDahG8dTqRFgyg0MGR6wfXucR60OTO7MWvq27ESH7xcArVGQ==",
      "requires": {
        "@babel/runtime": "^7.13.10",
        "lodash.clonedeep": "^4.5.0",
        "lodash.isplainobject": "^4.0.6"
      }
    },
    "string-match-left-right": {
      "version": "7.0.6",
      "resolved": "https://registry.npmjs.org/string-match-left-right/-/string-match-left-right-7.0.6.tgz",
      "integrity": "sha512-wdvh7JZ/B5+KGd6qe1j/nbDAUWC4gbKdxWlLn+WNm9wR/uHc9083VOIfxaK4dN0UrbDFPeWiCZak6pPSzhs6/A==",
      "requires": {
        "@babel/runtime": "^7.13.10",
        "arrayiffy-if-string": "^3.13.12",
        "lodash.isplainobject": "^4.0.6",
        "string-character-is-astral-surrogate": "^1.12.12"
      }
    },
    "string-range-expander": {
      "version": "2.0.12",
      "resolved": "https://registry.npmjs.org/string-range-expander/-/string-range-expander-2.0.12.tgz",
      "integrity": "sha512-1id7EeOXFeB6LaoUfD9QLNLEZ3P+qmQt0Mnmjd5s3J46nYM4KkRY8sM05aa8z4eTViCwN3cIAica6pR0YRslxQ==",
      "requires": {
        "@babel/runtime": "^7.13.10"
      }
    },
    "string-trim-spaces-only": {
      "version": "3.0.12",
      "resolved": "https://registry.npmjs.org/string-trim-spaces-only/-/string-trim-spaces-only-3.0.12.tgz",
      "integrity": "sha512-H33kRzQvIxPpycP5KyL/FglAKegOU+qJTdMqJVvkE5fKgEgue+lQ7AvsrL9WND9cjYvSiVrSdHf4r72/I6xeKQ==",
      "requires": {
        "@babel/runtime": "^7.13.10"
      }
    },
    "strip-html-comments": {
      "version": "1.0.0",
      "resolved": "https://registry.npmjs.org/strip-html-comments/-/strip-html-comments-1.0.0.tgz",
      "integrity": "sha1-Cuff8DAKYHWkwpP7YRG0yx0Mt7c="
    },
    "test-mixer": {
      "version": "2.0.12",
      "resolved": "https://registry.npmjs.org/test-mixer/-/test-mixer-2.0.12.tgz",
      "integrity": "sha512-7Awf64E2Ubx3V47LAHmt9sm9epnepdeopcandS6OR67Jp3hA/RNZABmllfEXzknxay6UhIcY53q9P1YoXGnF8Q==",
      "requires": {
        "@babel/runtime": "^7.13.10",
        "lodash.clonedeep": "^4.5.0",
        "object-boolean-combinations": "^4.0.12"
      }
    }
  }
}
