{
  "name": "@useparcel/tape-html-minify",
  "version": "0.4.0",
  "lockfileVersion": 1,
  "requires": true,
  "dependencies": {
    "@babel/runtime": {
      "version": "7.12.13",
      "resolved": "https://registry.npmjs.org/@babel/runtime/-/runtime-7.12.13.tgz",
      "integrity": "sha512-8+3UMPBrjFa/6TtKi/7sehPKqfAm4g6K+YQjyyFOLUTxzOngcRZTlAVY8sc2CORJYqdHQY8gRPHmn+qo15rCBw==",
      "requires": {
        "regenerator-runtime": "^0.13.4"
      }
    },
    "arrayiffy-if-string": {
      "version": "3.13.3",
      "resolved": "https://registry.npmjs.org/arrayiffy-if-string/-/arrayiffy-if-string-3.13.3.tgz",
      "integrity": "sha512-5knb4hjhrZNUlUZE6w+CJCeAyWhoAq6dfjNecu+VpZrAwwCGC6Hg7twGf0K5THwGZHFvZK1kibaBPtq9RQyK8w==",
      "requires": {
        "@babel/runtime": "^7.12.13"
      }
    },
    "html-crush": {
      "version": "4.0.3",
      "resolved": "https://registry.npmjs.org/html-crush/-/html-crush-4.0.3.tgz",
      "integrity": "sha512-CjwgMptyztOfLlPSUusY0j3Q15cBQX1GisSLgReSK9oynNwzIiYB9NelFp8br3h8phaMyVAN/IEv8PtDHWOGMg==",
      "requires": {
        "@babel/runtime": "^7.12.13",
        "ranges-apply": "^5.0.3",
        "ranges-push": "^5.0.3",
        "string-left-right": "^4.0.3",
        "string-match-left-right": "^6.0.3",
        "string-range-expander": "^2.0.3"
      }
    },
    "lodash.clonedeep": {
      "version": "4.5.0",
      "resolved": "https://registry.npmjs.org/lodash.clonedeep/-/lodash.clonedeep-4.5.0.tgz",
      "integrity": "sha1-4j8/nE+Pvd6HJSnBBxhXoIblzO8="
    },
    "lodash.isplainobject": {
      "version": "4.0.6",
      "resolved": "https://registry.npmjs.org/lodash.isplainobject/-/lodash.isplainobject-4.0.6.tgz",
      "integrity": "sha1-fFJqUtibRcRcxpC4gWO+BJf1UMs="
    },
    "ranges-apply": {
      "version": "5.0.3",
      "resolved": "https://registry.npmjs.org/ranges-apply/-/ranges-apply-5.0.3.tgz",
      "integrity": "sha512-Aat/2xBqdmSeyqwkE/pweHuRSx5848TbyArsz4qndu/oqeuc+W2PCYCWoF4YnXuwu8bBIebeONkIncK+KwGQ4Q==",
      "requires": {
        "@babel/runtime": "^7.12.13",
        "ranges-merge": "^7.0.3"
      }
    },
    "ranges-merge": {
      "version": "7.0.3",
      "resolved": "https://registry.npmjs.org/ranges-merge/-/ranges-merge-7.0.3.tgz",
      "integrity": "sha512-Gbj3Iy2NVRWOUrsydE62mnRA2sj5+hGCTdINa5y+mO+u3wtT+MLtqAXQUc9PzKPH2r9kcvqsDHrz4m333QFA8g==",
      "requires": {
        "@babel/runtime": "^7.12.13",
        "ranges-push": "^5.0.3",
        "ranges-sort": "^4.0.3"
      }
    },
    "ranges-push": {
      "version": "5.0.3",
      "resolved": "https://registry.npmjs.org/ranges-push/-/ranges-push-5.0.3.tgz",
      "integrity": "sha512-0FNE+17axj9+fHw5fBrgVtMBDvM4dmxpqeQ/AnHbr4a1nPg7+gQRhwHxuHH6CBQFHysVMFBN/6r49WDTR4Zs/w==",
      "requires": {
        "@babel/runtime": "^7.12.13",
        "ranges-merge": "^7.0.3",
        "string-collapse-leading-whitespace": "^5.0.3",
        "string-trim-spaces-only": "^3.0.3"
      }
    },
    "ranges-sort": {
      "version": "4.0.3",
      "resolved": "https://registry.npmjs.org/ranges-sort/-/ranges-sort-4.0.3.tgz",
      "integrity": "sha512-8CdHXbGnJILep+pk22hHtzJTwfNksyXZ94jw5gSvcjSPLXmKWd5jwarpeBgErzriIarjZEhVzJgpnfyUTWcShg==",
      "requires": {
        "@babel/runtime": "^7.12.13"
      }
    },
    "regenerator-runtime": {
      "version": "0.13.7",
      "resolved": "https://registry.npmjs.org/regenerator-runtime/-/regenerator-runtime-0.13.7.tgz",
      "integrity": "sha512-a54FxoJDIr27pgf7IgeQGxmqUNYrcV338lf/6gH456HZ/PhX+5BcwHXG9ajESmwe6WRO0tAzRUrRmNONWgkrew=="
    },
    "string-character-is-astral-surrogate": {
      "version": "1.12.3",
      "resolved": "https://registry.npmjs.org/string-character-is-astral-surrogate/-/string-character-is-astral-surrogate-1.12.3.tgz",
      "integrity": "sha512-cAnRVrJfy4SXpEXfeGIGk6yzeiBLoN9vNdTxly7EXwa246a7bbDbUlks6poHjy9LcEpVZvtPUnaHIhHAZtWq5g==",
      "requires": {
        "@babel/runtime": "^7.12.13"
      }
    },
    "string-collapse-leading-whitespace": {
      "version": "5.0.3",
      "resolved": "https://registry.npmjs.org/string-collapse-leading-whitespace/-/string-collapse-leading-whitespace-5.0.3.tgz",
      "integrity": "sha512-2fUXb4oio7Kgn1NkNvcQV4J7WZaWl6gcpAhG0doRCuQSJL5GtVlNARpew2ucsz/ZvhRHqNOqvuAwl9JNQKPwDQ==",
      "requires": {
        "@babel/runtime": "^7.12.13"
      }
    },
    "string-left-right": {
      "version": "4.0.3",
      "resolved": "https://registry.npmjs.org/string-left-right/-/string-left-right-4.0.3.tgz",
      "integrity": "sha512-8nxLreVmqXp6lKYcd/SipCMUydD2EDC2HOyJoSf63xCXZ6fefI32g8sBXGlUrESj23Kr0rBUm4PfkfzAfQrrQA==",
      "requires": {
        "@babel/runtime": "^7.12.13",
        "lodash.clonedeep": "^4.5.0",
        "lodash.isplainobject": "^4.0.6"
      }
    },
    "string-match-left-right": {
      "version": "6.0.3",
      "resolved": "https://registry.npmjs.org/string-match-left-right/-/string-match-left-right-6.0.3.tgz",
      "integrity": "sha512-fCJRqmGe3vccL9OGQjoC6erQmzJGMeAkpcZ4IIYmTiRAJ3rbwBXkZgIHqa3Tj1IVF63wNRZrRUg7KeNYScMlPw==",
      "requires": {
        "@babel/runtime": "^7.12.13",
        "arrayiffy-if-string": "^3.13.3",
        "lodash.isplainobject": "^4.0.6",
        "string-character-is-astral-surrogate": "^1.12.3"
      }
    },
    "string-range-expander": {
      "version": "2.0.3",
      "resolved": "https://registry.npmjs.org/string-range-expander/-/string-range-expander-2.0.3.tgz",
      "integrity": "sha512-Rx5rCi4hoaEhBmsMxT/tLrNnA1soQZE7HeyhUpwu3q7pIlfSCAsgeq0cTFBKLRpD1iBClM4Dir8II+KnzUoWyA==",
      "requires": {
        "@babel/runtime": "^7.12.13"
      }
    },
    "string-trim-spaces-only": {
      "version": "3.0.3",
      "resolved": "https://registry.npmjs.org/string-trim-spaces-only/-/string-trim-spaces-only-3.0.3.tgz",
      "integrity": "sha512-/j2Vw5TLj7FQinyK9OP4WTMaIx+rCap/cwQ6WWTeLUy8vwydBkwjzDsXAbL0pKzQzxtjl366QekzqwlRklgggA==",
      "requires": {
        "@babel/runtime": "^7.12.13"
      }
    },
    "strip-html-comments": {
      "version": "1.0.0",
      "resolved": "https://registry.npmjs.org/strip-html-comments/-/strip-html-comments-1.0.0.tgz",
      "integrity": "sha1-Cuff8DAKYHWkwpP7YRG0yx0Mt7c="
    }
  }
}
