{
  "name": "@useparcel/tape-html-minify",
  "version": "0.4.0",
  "lockfileVersion": 1,
  "requires": true,
  "dependencies": {
    "@babel/runtime": {
      "version": "7.12.13",
      "resolved": "https://registry.npmjs.org/@babel/runtime/-/runtime-7.12.13.tgz",
      "integrity": "sha512-8+3UMPBrjFa/6TtKi/7sehPKqfAm4g6K+YQjyyFOLUTxzOngcRZTlAVY8sc2CORJYqdHQY8gRPHmn+qo15rCBw==",
      "requires": {
        "regenerator-runtime": "^0.13.4"
      }
    },
    "arrayiffy-if-string": {
      "version": "3.13.4",
      "resolved": "https://registry.npmjs.org/arrayiffy-if-string/-/arrayiffy-if-string-3.13.4.tgz",
      "integrity": "sha512-ZG+/1rjl+0ICw1CDwpCUws4x8vNm/pDWGA0nszp8NqwiwTkrIE9ZLp/118KhflwuFkQFPvtPFBzcx2O9g/2rtA==",
      "requires": {
        "@babel/runtime": "^7.12.13"
      }
    },
    "html-crush": {
      "version": "4.0.4",
      "resolved": "https://registry.npmjs.org/html-crush/-/html-crush-4.0.4.tgz",
      "integrity": "sha512-7YTlB+JQ6WeW+JaHdxLP9+T4ngC+Wq181AJIBHPdfT1g25iXxQ/r3D+fgeGenEaI1vFjUGjY0+AQKeTjN81g7Q==",
      "requires": {
        "@babel/runtime": "^7.12.13",
        "ranges-apply": "^5.0.4",
        "ranges-push": "^5.0.4",
        "string-left-right": "^4.0.4",
        "string-match-left-right": "^6.0.4",
        "string-range-expander": "^2.0.4"
      }
    },
    "lodash.clonedeep": {
      "version": "4.5.0",
      "resolved": "https://registry.npmjs.org/lodash.clonedeep/-/lodash.clonedeep-4.5.0.tgz",
      "integrity": "sha1-4j8/nE+Pvd6HJSnBBxhXoIblzO8="
    },
    "lodash.isplainobject": {
      "version": "4.0.6",
      "resolved": "https://registry.npmjs.org/lodash.isplainobject/-/lodash.isplainobject-4.0.6.tgz",
      "integrity": "sha1-fFJqUtibRcRcxpC4gWO+BJf1UMs="
    },
    "ranges-apply": {
      "version": "5.0.4",
      "resolved": "https://registry.npmjs.org/ranges-apply/-/ranges-apply-5.0.4.tgz",
      "integrity": "sha512-QsT52z+YSXAGn1VzMn1aAR9QQZBEKHxg9vybo0D4bJSfx19eHoiOVGReVYjABrv6GoDbkBfiPTJyLl+ifmuBZg==",
      "requires": {
        "@babel/runtime": "^7.12.13",
        "ranges-merge": "^7.0.4"
      }
    },
    "ranges-merge": {
      "version": "7.0.4",
      "resolved": "https://registry.npmjs.org/ranges-merge/-/ranges-merge-7.0.4.tgz",
      "integrity": "sha512-c+tIqalOh5P/mhipJLZ6GfysZSOHhDKaoShUtdr9dgtgdw33ZmtUewNvqPPUOP4M+8nIi8Xedbm2qjy8YlpEvw==",
      "requires": {
        "@babel/runtime": "^7.12.13",
        "ranges-push": "^5.0.4",
        "ranges-sort": "^4.0.4"
      }
    },
    "ranges-push": {
      "version": "5.0.4",
      "resolved": "https://registry.npmjs.org/ranges-push/-/ranges-push-5.0.4.tgz",
      "integrity": "sha512-5fjyBBtr6qvyR/XQtokT6C7XQVLwd0TrI4Dv8QnSuBhf8inq1lb3LzmXiAsOD1757XLnykF/iNN1MoqvkN5/Zw==",
      "requires": {
        "@babel/runtime": "^7.12.13",
        "ranges-merge": "^7.0.4",
        "string-collapse-leading-whitespace": "^5.0.4",
        "string-trim-spaces-only": "^3.0.4"
      }
    },
    "ranges-sort": {
      "version": "4.0.4",
      "resolved": "https://registry.npmjs.org/ranges-sort/-/ranges-sort-4.0.4.tgz",
      "integrity": "sha512-1BG6HWZAUPX6+Sxxk4mz99f6mwYH5OxMHEv8ybDdkUOEs9Z6woyECsHi9dEb//v07Jv6m4BTb+h1zhU6Hl7egg==",
      "requires": {
        "@babel/runtime": "^7.12.13"
      }
    },
    "regenerator-runtime": {
      "version": "0.13.7",
      "resolved": "https://registry.npmjs.org/regenerator-runtime/-/regenerator-runtime-0.13.7.tgz",
      "integrity": "sha512-a54FxoJDIr27pgf7IgeQGxmqUNYrcV338lf/6gH456HZ/PhX+5BcwHXG9ajESmwe6WRO0tAzRUrRmNONWgkrew=="
    },
    "string-character-is-astral-surrogate": {
      "version": "1.12.4",
      "resolved": "https://registry.npmjs.org/string-character-is-astral-surrogate/-/string-character-is-astral-surrogate-1.12.4.tgz",
      "integrity": "sha512-STgDACimTK4YQBBw1HGjB/NMiFORP/yyxRNdpUlSyi2l1yeQi1sJr34/1IRP+cvsQa7BnRAXkdSsAJjXbLCLWw==",
      "requires": {
        "@babel/runtime": "^7.12.13"
      }
    },
    "string-collapse-leading-whitespace": {
      "version": "5.0.4",
      "resolved": "https://registry.npmjs.org/string-collapse-leading-whitespace/-/string-collapse-leading-whitespace-5.0.4.tgz",
      "integrity": "sha512-JLHrc8koZU5VdwciTw5eVHoJixIIEJuawTWQEPeOzy+0Si7Qc81itXl1wcEEm92UK/liC+QGSnfopecpCyBwUw==",
      "requires": {
        "@babel/runtime": "^7.12.13"
      }
    },
    "string-left-right": {
      "version": "4.0.4",
      "resolved": "https://registry.npmjs.org/string-left-right/-/string-left-right-4.0.4.tgz",
      "integrity": "sha512-F7V+hAggGFD8OsoIiEqSuNNWlvfEc18b5ttFRJ2yL4gkaEEmM8agbiKtUqEbjs1+G6KDz31RaV9WN4PLX4dGOw==",
      "requires": {
        "@babel/runtime": "^7.12.13",
        "lodash.clonedeep": "^4.5.0",
        "lodash.isplainobject": "^4.0.6"
      }
    },
    "string-match-left-right": {
      "version": "6.0.4",
      "resolved": "https://registry.npmjs.org/string-match-left-right/-/string-match-left-right-6.0.4.tgz",
      "integrity": "sha512-oSUeE+bHtyLm5PfldkIzH8dvcELcViWfiwJa5VPV2FsNWaqYdkelm00sHm/bsJ/GBJshx9Eu3N51zWfuUi//YQ==",
      "requires": {
        "@babel/runtime": "^7.12.13",
        "arrayiffy-if-string": "^3.13.4",
        "lodash.isplainobject": "^4.0.6",
        "string-character-is-astral-surrogate": "^1.12.4"
      }
    },
    "string-range-expander": {
      "version": "2.0.4",
      "resolved": "https://registry.npmjs.org/string-range-expander/-/string-range-expander-2.0.4.tgz",
      "integrity": "sha512-gEkegeXFf6m6nrL+o9Y1IsSOiU/5UVz9tUnUz+zEMqcoKE45yFw0ZLeQ+rvZcTIwkpfUVwtbCTz9GJnc28GnWA==",
      "requires": {
        "@babel/runtime": "^7.12.13"
      }
    },
    "string-trim-spaces-only": {
      "version": "3.0.4",
      "resolved": "https://registry.npmjs.org/string-trim-spaces-only/-/string-trim-spaces-only-3.0.4.tgz",
      "integrity": "sha512-Mv8J7susvzuVVIVSzRGdAfCtn01FCTzF1bRGhOvlBIxjODddMSmcov83AHSn6fpEBgfsz08xDYX+aejThduUvg==",
      "requires": {
        "@babel/runtime": "^7.12.13"
      }
    },
    "strip-html-comments": {
      "version": "1.0.0",
      "resolved": "https://registry.npmjs.org/strip-html-comments/-/strip-html-comments-1.0.0.tgz",
      "integrity": "sha1-Cuff8DAKYHWkwpP7YRG0yx0Mt7c="
    }
  }
}
