{
  "name": "@useparcel/tape-html-crush-plugin",
  "version": "0.0.1",
  "lockfileVersion": 1,
  "requires": true,
  "dependencies": {
    "arrayiffy-if-string": {
      "version": "3.11.38",
      "resolved": "https://registry.npmjs.org/arrayiffy-if-string/-/arrayiffy-if-string-3.11.38.tgz",
      "integrity": "sha512-X8VGsctdfHUkds9aLvpa3L859ZhsIsBL2dQgoXFn/e7SZkO1i59xPq7vjdoA5XiUGuNsmijc+YT7ALKLQRqNWQ=="
    },
    "html-crush": {
      "version": "2.0.9",
      "resolved": "https://registry.npmjs.org/html-crush/-/html-crush-2.0.9.tgz",
      "integrity": "sha512-d8kUn8e6bL8QpIy4R69U1PxycjmRVOW937D8rvAnCGSSrCXzcbQ/hMXWVJRza+gGkyFX454t5ZHW5wIhKgSt5A==",
      "requires": {
        "lodash.isplainobject": "^4.0.6",
        "ranges-apply": "^3.2.3",
        "ranges-push": "^3.7.22",
        "string-left-right": "^2.3.31",
        "string-match-left-right": "^4.0.14",
        "string-range-expander": "^1.11.11"
      }
    },
    "lodash.clonedeep": {
      "version": "4.5.0",
      "resolved": "https://registry.npmjs.org/lodash.clonedeep/-/lodash.clonedeep-4.5.0.tgz",
      "integrity": "sha1-4j8/nE+Pvd6HJSnBBxhXoIblzO8="
    },
    "lodash.isplainobject": {
      "version": "4.0.6",
      "resolved": "https://registry.npmjs.org/lodash.isplainobject/-/lodash.isplainobject-4.0.6.tgz",
      "integrity": "sha1-fFJqUtibRcRcxpC4gWO+BJf1UMs="
    },
    "ranges-apply": {
      "version": "3.2.3",
      "resolved": "https://registry.npmjs.org/ranges-apply/-/ranges-apply-3.2.3.tgz",
      "integrity": "sha512-lc5jJU3ecZZyY3oifVziIR40rzbK7lTHn+l5iAKTg0yQdR43wj5UtpVqW57Zt3eWSuQI6wqa2RNhdk5FNCPZOA==",
      "requires": {
        "ranges-merge": "^5.0.3"
      }
    },
    "ranges-merge": {
      "version": "5.0.3",
      "resolved": "https://registry.npmjs.org/ranges-merge/-/ranges-merge-5.0.3.tgz",
      "integrity": "sha512-UPV4IZVpySzOK8MVfPY8VhMPpT/WKG2V/9HCar3e4zM7h97ml2BKKfkdCcR2PgqGEUDLJr25dElKDo94/5tIMw==",
      "requires": {
        "ranges-sort": "^3.13.3"
      }
    },
    "ranges-push": {
      "version": "3.7.22",
      "resolved": "https://registry.npmjs.org/ranges-push/-/ranges-push-3.7.22.tgz",
      "integrity": "sha512-stqx+AKzEl/62QdbGhn6pKO5dWFf5H5xT59y14KrruUn+QW2M6skq5jsJ3RdpKpmYVDfjGnOiQGL12bzb7xcPw==",
      "requires": {
        "ranges-merge": "^5.0.3",
        "string-collapse-leading-whitespace": "^3.0.2",
        "string-trim-spaces-only": "^2.8.23"
      }
    },
    "ranges-sort": {
      "version": "3.13.3",
      "resolved": "https://registry.npmjs.org/ranges-sort/-/ranges-sort-3.13.3.tgz",
      "integrity": "sha512-5S9d5SHb3/phG3EaniXqR9hJiN5EnQjityNRktq3XIxt0TDnouB8glWb61QANZFYdGQ70A5YUNQ8eX/Jmlw6nQ=="
    },
    "string-character-is-astral-surrogate": {
      "version": "1.10.64",
      "resolved": "https://registry.npmjs.org/string-character-is-astral-surrogate/-/string-character-is-astral-surrogate-1.10.64.tgz",
      "integrity": "sha512-mnzRL2wdmaicCnCtVzq0iS6eSOG7zbzztIycMRKDjbCpnqGWrDf8fALa9UxK6sNRSbP/W0fo1E2YVVp8XIjcGg=="
    },
    "string-collapse-leading-whitespace": {
      "version": "3.0.2",
      "resolved": "https://registry.npmjs.org/string-collapse-leading-whitespace/-/string-collapse-leading-whitespace-3.0.2.tgz",
      "integrity": "sha512-1+cuXaqe4d9ut/evICLjHcg5AAWwLKu3mMRhSBrhb4Z+lzAWN8sVspHraZad8FrBc8XJ3bzsjknSN5aMCO4tkg=="
    },
    "string-left-right": {
      "version": "2.3.31",
      "resolved": "https://registry.npmjs.org/string-left-right/-/string-left-right-2.3.31.tgz",
      "integrity": "sha512-xsMj1WXOpqPEwPC1pVULyXXZuegyx0f4H07L7QafkyC+S60c2D7h8ANb3qoywaQ9exJYqA1l6wz0Q1oTsbXs9Q==",
      "requires": {
        "lodash.clonedeep": "^4.5.0",
        "lodash.isplainobject": "^4.0.6"
      }
    },
    "string-match-left-right": {
      "version": "4.0.14",
      "resolved": "https://registry.npmjs.org/string-match-left-right/-/string-match-left-right-4.0.14.tgz",
      "integrity": "sha512-sy0DwFNh9h4pBZxwb+eVCn5KpB5zERk8VrNpzqiHubINFBkHHStd28e0vz1u/iu8UUzkIXqjableRkEXA4CVpg==",
      "requires": {
        "arrayiffy-if-string": "^3.11.38",
        "lodash.isplainobject": "^4.0.6",
        "string-character-is-astral-surrogate": "^1.10.64"
      }
    },
    "string-range-expander": {
      "version": "1.11.11",
      "resolved": "https://registry.npmjs.org/string-range-expander/-/string-range-expander-1.11.11.tgz",
      "integrity": "sha512-73NYKdoo0/ZrasoKwHWQDtsMpYBjNCoCz9wAWpiGe4PB005jD4+hadxHKTdka6/+4/AXC4KERcITaqrS3Yq6LA=="
    },
    "string-trim-spaces-only": {
      "version": "2.8.23",
      "resolved": "https://registry.npmjs.org/string-trim-spaces-only/-/string-trim-spaces-only-2.8.23.tgz",
      "integrity": "sha512-MQAksLUGqogkq8qjDBjsASojgEZUZKU2S+cYvH0u9yXrJUWUih9YuNfFK0RtIxSiRvS/dPg9V44dR8GO4nEn5w=="
    },
    "strip-html-comments": {
      "version": "1.0.0",
      "resolved": "https://registry.npmjs.org/strip-html-comments/-/strip-html-comments-1.0.0.tgz",
      "integrity": "sha1-Cuff8DAKYHWkwpP7YRG0yx0Mt7c="
    }
  }
}
