{
  "name": "@useparcel/tape-sass",
  "version": "0.6.1",
  "lockfileVersion": 2,
  "requires": true,
  "packages": {
    "": {
      "name": "@useparcel/tape-sass",
      "version": "0.6.1",
      "license": "MIT",
      "dependencies": {
        "sass": "^1.35.2",
        "sass.js": "^0.11.1"
      },
      "devDependencies": {
        "@useparcel/tape": "^0.6.1"
      }
    },
    "node_modules/@babel/runtime": {
      "version": "7.14.6",
      "resolved": "https://registry.npmjs.org/@babel/runtime/-/runtime-7.14.6.tgz",
      "integrity": "sha512-/PCB2uJ7oM44tz8YhC4Z/6PeOKXp4K588f+5M3clr1M4zbqztlo0XEfJ2LEzj/FgwfgGcIdl8n7YYjTCI0BYwg==",
      "dev": true,
      "dependencies": {
        "regenerator-runtime": "^0.13.4"
      },
      "engines": {
        "node": ">=6.9.0"
      }
    },
    "node_modules/@useparcel/tape": {
      "version": "0.6.1",
      "resolved": "https://registry.npmjs.org/@useparcel/tape/-/tape-0.6.1.tgz",
      "integrity": "sha512-u2FDIl4/MeAz42M/h5lRppzIoszkqtSqP+7Rx/3CvKgSWoo8xJrN5Iqc9pDyoSxIiGP3VnLv/Khkfk8yeXUCzw==",
      "dev": true,
      "dependencies": {
        "@useparcel/tape-css": "^0.6.1",
        "@useparcel/tape-html": "^0.6.1",
        "dependency-graph": "^0.11.0",
        "lodash": "^4.17.20",
        "md5": "^2.3.0",
        "valid-filename": "^3.1.0"
      }
    },
    "node_modules/@useparcel/tape-css": {
      "version": "0.6.1",
      "resolved": "https://registry.npmjs.org/@useparcel/tape-css/-/tape-css-0.6.1.tgz",
      "integrity": "sha512-7y94D8IvZx12PbMv9tFFCkk286YbTzamj2A8TOi3c0szPDyGgrC3U68UsNLr0DeCeRIkRZ9/BIaaoCkgDa/p4w==",
      "dev": true,
      "dependencies": {
        "find-css-dependencies": "^0.6.0",
        "is-absolute-url": "^3.0.3",
        "magic-string": "^0.25.7"
      }
    },
    "node_modules/@useparcel/tape-html": {
      "version": "0.6.1",
      "resolved": "https://registry.npmjs.org/@useparcel/tape-html/-/tape-html-0.6.1.tgz",
      "integrity": "sha512-+h9cf+S4wSZYZsZVmOvn9GrpPKI8lb6UtC4Pr5mRlnhwT4+VwrEeF67Htud6mCIUytsAQfvhgDun1D22OKpcUQ==",
      "dev": true,
      "dependencies": {
        "codsen-parser": "^0.11.0",
        "find-embedded-documents": "^0.6.0",
        "find-html-dependencies": "^0.6.0",
        "is-absolute-url": "^3.0.3",
        "magic-string": "^0.25.7"
      }
    },
    "node_modules/anymatch": {
      "version": "3.1.1",
      "resolved": "https://registry.npmjs.org/anymatch/-/anymatch-3.1.1.tgz",
      "integrity": "sha512-mM8522psRCqzV+6LhomX5wgp25YVibjh8Wj23I5RPkPppSVSjyKD2A2mBJmWGa+KN7f2D6LNh9jkBCeyLktzjg==",
      "dependencies": {
        "normalize-path": "^3.0.0",
        "picomatch": "^2.0.4"
      },
      "engines": {
        "node": ">= 8"
      }
    },
    "node_modules/arrayiffy-if-string": {
      "version": "3.14.0",
      "resolved": "https://registry.npmjs.org/arrayiffy-if-string/-/arrayiffy-if-string-3.14.0.tgz",
      "integrity": "sha512-pQQDnM+wOBvgElVGB8//y16IpZEsi3mU3jkjvhJCm3J7zSvRPlm/8Wl76gE1O9vnU1CWcz2u5JfsOLtD7yvuLw==",
      "dev": true,
      "dependencies": {
        "@babel/runtime": "^7.14.0"
      }
    },
    "node_modules/ast-monkey-util": {
      "version": "1.4.0",
      "resolved": "https://registry.npmjs.org/ast-monkey-util/-/ast-monkey-util-1.4.0.tgz",
      "integrity": "sha512-GjdhxUtsWb/kbeGJzhHj7hnEWhxcaqkihAyxrE4hDiuYwcyU8CXG8YVZcF+WLp10dvZHdIcALQx7iye2HcyMZg==",
      "dev": true,
      "dependencies": {
        "@babel/runtime": "^7.14.0"
      }
    },
    "node_modules/binary-extensions": {
      "version": "2.1.0",
      "resolved": "https://registry.npmjs.org/binary-extensions/-/binary-extensions-2.1.0.tgz",
      "integrity": "sha512-1Yj8h9Q+QDF5FzhMs/c9+6UntbD5MkRfRwac8DoEm9ZfUBZ7tZ55YcGVAzEe4bXsdQHEk+s9S5wsOKVdZrw0tQ==",
      "engines": {
        "node": ">=8"
      }
    },
    "node_modules/boolbase": {
      "version": "1.0.0",
      "resolved": "https://registry.npmjs.org/boolbase/-/boolbase-1.0.0.tgz",
      "integrity": "sha1-aN/1++YMUes3cl6p4+0xDcwed24=",
      "dev": true
    },
    "node_modules/braces": {
      "version": "3.0.2",
      "resolved": "https://registry.npmjs.org/braces/-/braces-3.0.2.tgz",
      "integrity": "sha512-b8um+L1RzM3WDSzvhm6gIz1yfTbBt6YTlcEKAvsmqCZZFw46z626lVj9j1yEPW33H5H+lBQpZMP1k8l+78Ha0A==",
      "dependencies": {
        "fill-range": "^7.0.1"
      },
      "engines": {
        "node": ">=8"
      }
    },
    "node_modules/charenc": {
      "version": "0.0.2",
      "resolved": "https://registry.npmjs.org/charenc/-/charenc-0.0.2.tgz",
      "integrity": "sha1-wKHS86cJLgN3S/qD8UwPxXkKhmc=",
      "dev": true,
      "engines": {
        "node": "*"
      }
    },
    "node_modules/chokidar": {
      "version": "3.4.3",
      "resolved": "https://registry.npmjs.org/chokidar/-/chokidar-3.4.3.tgz",
      "integrity": "sha512-DtM3g7juCXQxFVSNPNByEC2+NImtBuxQQvWlHunpJIS5Ocr0lG306cC7FCi7cEA0fzmybPUIl4txBIobk1gGOQ==",
      "dependencies": {
        "anymatch": "~3.1.1",
        "braces": "~3.0.2",
        "glob-parent": "~5.1.0",
        "is-binary-path": "~2.1.0",
        "is-glob": "~4.0.1",
        "normalize-path": "~3.0.0",
        "readdirp": "~3.5.0"
      },
      "engines": {
        "node": ">= 8.10.0"
      },
      "optionalDependencies": {
        "fsevents": "~2.1.2"
      }
    },
    "node_modules/codsen-parser": {
      "version": "0.11.0",
      "resolved": "https://registry.npmjs.org/codsen-parser/-/codsen-parser-0.11.0.tgz",
      "integrity": "sha512-LIjaxCr676Idhubl5RqVZamyn8Y5i0cg1mkxDH3cPbhZCJZoF1LBf44K4DzuDABL4BoYzm3vxbmnPRVehyM7rQ==",
      "dev": true,
      "dependencies": {
        "@babel/runtime": "^7.14.0",
        "ast-monkey-util": "^1.4.0",
        "codsen-tokenizer": "^5.6.0",
        "object-path": "^0.11.5",
        "string-find-malformed": "^2.1.0",
        "string-left-right": "^4.1.0"
      }
    },
    "node_modules/codsen-tokenizer": {
      "version": "5.6.0",
      "resolved": "https://registry.npmjs.org/codsen-tokenizer/-/codsen-tokenizer-5.6.0.tgz",
      "integrity": "sha512-r3lHDrtC3fE7oiZtZ1bJ9hdYjrk63OT7bRWuCt2IF0lLyG42lTmxkLjzUWr8TndMUBe8vkkUBXg5aXHyY4e6Eg==",
      "dev": true,
      "dependencies": {
        "@babel/runtime": "^7.14.0",
        "html-all-known-attributes": "^4.1.0",
        "is-char-suitable-for-html-attr-name": "^2.1.0",
        "is-html-attribute-closing": "^2.3.0",
        "is-html-tag-opening": "^2.1.0",
        "lodash.clonedeep": "^4.5.0",
        "lodash.isplainobject": "^4.0.6",
        "string-left-right": "^4.1.0",
        "string-match-left-right": "^7.1.0"
      }
    },
    "node_modules/crypt": {
      "version": "0.0.2",
      "resolved": "https://registry.npmjs.org/crypt/-/crypt-0.0.2.tgz",
      "integrity": "sha1-iNf/fsDfuG9xPch7u0LQRNPmxBs=",
      "dev": true,
      "engines": {
        "node": "*"
      }
    },
    "node_modules/css-select": {
      "version": "3.1.2",
      "resolved": "https://registry.npmjs.org/css-select/-/css-select-3.1.2.tgz",
      "integrity": "sha512-qmss1EihSuBNWNNhHjxzxSfJoFBM/lERB/Q4EnsJQQC62R2evJDW481091oAdOr9uh46/0n4nrg0It5cAnj1RA==",
      "dev": true,
      "dependencies": {
        "boolbase": "^1.0.0",
        "css-what": "^4.0.0",
        "domhandler": "^4.0.0",
        "domutils": "^2.4.3",
        "nth-check": "^2.0.0"
      },
      "funding": {
        "url": "https://github.com/sponsors/fb55"
      }
    },
    "node_modules/css-select-codsen-parser": {
      "version": "0.6.0",
      "resolved": "https://registry.npmjs.org/css-select-codsen-parser/-/css-select-codsen-parser-0.6.0.tgz",
      "integrity": "sha512-W9tr3FYNHuVeOi70mg81f2ibRqkoo6nxn4kNhehHLrysO37OWgd7q4iIL7VqTXB2O5Mgo53BrpfyjTjZrjU/7g==",
      "dev": true
    },
    "node_modules/css-what": {
      "version": "4.0.0",
      "resolved": "https://registry.npmjs.org/css-what/-/css-what-4.0.0.tgz",
      "integrity": "sha512-teijzG7kwYfNVsUh2H/YN62xW3KK9YhXEgSlbxMlcyjPNvdKJqFx5lrwlJgoFP1ZHlB89iGDlo/JyshKeRhv5A==",
      "dev": true,
      "engines": {
        "node": ">= 6"
      },
      "funding": {
        "url": "https://github.com/sponsors/fb55"
      }
    },
    "node_modules/dependency-graph": {
      "version": "0.11.0",
      "resolved": "https://registry.npmjs.org/dependency-graph/-/dependency-graph-0.11.0.tgz",
      "integrity": "sha512-JeMq7fEshyepOWDfcfHK06N3MhyPhz++vtqWhMT5O9A3K42rdsEDpfdVqjaqaAhsw6a+ZqeDvQVtD0hFHQWrzg==",
      "dev": true,
      "engines": {
        "node": ">= 0.6.0"
      }
    },
    "node_modules/dom-serializer": {
      "version": "1.3.2",
      "resolved": "https://registry.npmjs.org/dom-serializer/-/dom-serializer-1.3.2.tgz",
      "integrity": "sha512-5c54Bk5Dw4qAxNOI1pFEizPSjVsx5+bpJKmL2kPn8JhBUq2q09tTCa3mjijun2NfK78NMouDYNMBkOrPZiS+ig==",
      "dev": true,
      "dependencies": {
        "domelementtype": "^2.0.1",
        "domhandler": "^4.2.0",
        "entities": "^2.0.0"
      },
      "funding": {
        "url": "https://github.com/cheeriojs/dom-serializer?sponsor=1"
      }
    },
    "node_modules/domelementtype": {
      "version": "2.2.0",
      "resolved": "https://registry.npmjs.org/domelementtype/-/domelementtype-2.2.0.tgz",
      "integrity": "sha512-DtBMo82pv1dFtUmHyr48beiuq792Sxohr+8Hm9zoxklYPfa6n0Z3Byjj2IV7bmr2IyqClnqEQhfgHJJ5QF0R5A==",
      "dev": true,
      "funding": [
        {
          "type": "github",
          "url": "https://github.com/sponsors/fb55"
        }
      ]
    },
    "node_modules/domhandler": {
      "version": "4.2.0",
      "resolved": "https://registry.npmjs.org/domhandler/-/domhandler-4.2.0.tgz",
      "integrity": "sha512-zk7sgt970kzPks2Bf+dwT/PLzghLnsivb9CcxkvR8Mzr66Olr0Ofd8neSbglHJHaHa2MadfoSdNlKYAaafmWfA==",
      "dev": true,
      "dependencies": {
        "domelementtype": "^2.2.0"
      },
      "engines": {
        "node": ">= 4"
      },
      "funding": {
        "url": "https://github.com/fb55/domhandler?sponsor=1"
      }
    },
    "node_modules/domutils": {
      "version": "2.7.0",
      "resolved": "https://registry.npmjs.org/domutils/-/domutils-2.7.0.tgz",
      "integrity": "sha512-8eaHa17IwJUPAiB+SoTYBo5mCdeMgdcAoXJ59m6DT1vw+5iLS3gNoqYaRowaBKtGVrOF1Jz4yDTgYKLK2kvfJg==",
      "dev": true,
      "dependencies": {
        "dom-serializer": "^1.0.1",
        "domelementtype": "^2.2.0",
        "domhandler": "^4.2.0"
      },
      "funding": {
        "url": "https://github.com/fb55/domutils?sponsor=1"
      }
    },
    "node_modules/entities": {
      "version": "2.2.0",
      "resolved": "https://registry.npmjs.org/entities/-/entities-2.2.0.tgz",
      "integrity": "sha512-p92if5Nz619I0w+akJrLZH0MX0Pb5DX39XOwQTtXSdQQOaYH03S1uIQp4mhOZtAXrxq4ViO67YTiLBo2638o9A==",
      "dev": true,
      "funding": {
        "url": "https://github.com/fb55/entities?sponsor=1"
      }
    },
    "node_modules/filename-reserved-regex": {
      "version": "2.0.0",
      "resolved": "https://registry.npmjs.org/filename-reserved-regex/-/filename-reserved-regex-2.0.0.tgz",
      "integrity": "sha1-q/c9+rc10EVECr/qLZHzieu/oik=",
      "dev": true,
      "engines": {
        "node": ">=4"
      }
    },
    "node_modules/fill-range": {
      "version": "7.0.1",
      "resolved": "https://registry.npmjs.org/fill-range/-/fill-range-7.0.1.tgz",
      "integrity": "sha512-qOo9F+dMUmC2Lcb4BbVvnKJxTPjCm+RRpe4gDuGrzkL7mEVl/djYSu2OdQ2Pa302N4oqkSg9ir6jaLWJ2USVpQ==",
      "dependencies": {
        "to-regex-range": "^5.0.1"
      },
      "engines": {
        "node": ">=8"
      }
    },
    "node_modules/find-css-dependencies": {
      "version": "0.6.0",
      "resolved": "https://registry.npmjs.org/find-css-dependencies/-/find-css-dependencies-0.6.0.tgz",
      "integrity": "sha512-3ou04D/BGWeWRPNJPY88LTsf2bn7UIb0JFiaqLqCYO2AXMwglKhz4jnb78Yx/j+Bqan2/dZDq92VD4uXXps3hQ==",
      "dev": true
    },
    "node_modules/find-embedded-documents": {
      "version": "0.6.0",
      "resolved": "https://registry.npmjs.org/find-embedded-documents/-/find-embedded-documents-0.6.0.tgz",
      "integrity": "sha512-XAPMAU8/QAsFlW3f0GXYX3gXm/q/8hkvj0+bm51yZ3agXBhYw4YMuenPLSVGM+wYcRANgR4LSL0k4mzsjF47IA==",
      "dev": true,
      "dependencies": {
        "codsen-parser": "^0.11.0",
        "css-select": "^3.1.1",
        "css-select-codsen-parser": "^0.6.0"
      }
    },
    "node_modules/find-html-dependencies": {
      "version": "0.6.0",
      "resolved": "https://registry.npmjs.org/find-html-dependencies/-/find-html-dependencies-0.6.0.tgz",
      "integrity": "sha512-29KZFZqUwRQNeWjTnTctHNToXgmyURxmJQ4TkeQoKqg3aNkNvkJcp/3EqlIG1MQuqguzz0w2gQtn8SlaJs4tsw==",
      "dev": true,
      "dependencies": {
        "codsen-parser": "^0.11.0",
        "css-select": "^3.1.1",
        "css-select-codsen-parser": "^0.6.0"
      }
    },
    "node_modules/fsevents": {
      "version": "2.1.3",
      "resolved": "https://registry.npmjs.org/fsevents/-/fsevents-2.1.3.tgz",
      "integrity": "sha512-Auw9a4AxqWpa9GUfj370BMPzzyncfBABW8Mab7BGWBYDj4Isgq+cDKtx0i6u9jcX9pQDnswsaaOTgTmA5pEjuQ==",
      "optional": true,
      "os": [
        "darwin"
      ],
      "engines": {
        "node": "^8.16.0 || ^10.6.0 || >=11.0.0"
      }
    },
    "node_modules/glob-parent": {
      "version": "5.1.1",
      "resolved": "https://registry.npmjs.org/glob-parent/-/glob-parent-5.1.1.tgz",
      "integrity": "sha512-FnI+VGOpnlGHWZxthPGR+QhR78fuiK0sNLkHQv+bL9fQi57lNNdquIbna/WrfROrolq8GK5Ek6BiMwqL/voRYQ==",
      "dependencies": {
        "is-glob": "^4.0.1"
      },
      "engines": {
        "node": ">= 6"
      }
    },
    "node_modules/html-all-known-attributes": {
      "version": "4.1.0",
      "resolved": "https://registry.npmjs.org/html-all-known-attributes/-/html-all-known-attributes-4.1.0.tgz",
      "integrity": "sha512-KaSC/go1CspiJ1Xs5abPYbSbFnfIOE4eaEHnrWryql8lgX58W006uu3NjK4SHTUquM7QSFYzEqWuVI5psE7Ocg==",
      "dev": true,
      "dependencies": {
        "@babel/runtime": "^7.14.0"
      }
    },
    "node_modules/is-absolute-url": {
      "version": "3.0.3",
      "resolved": "https://registry.npmjs.org/is-absolute-url/-/is-absolute-url-3.0.3.tgz",
      "integrity": "sha512-opmNIX7uFnS96NtPmhWQgQx6/NYFgsUXYMllcfzwWKUMwfo8kku1TvE6hkNcH+Q1ts5cMVrsY7j0bxXQDciu9Q==",
      "dev": true,
      "engines": {
        "node": ">=8"
      }
    },
    "node_modules/is-binary-path": {
      "version": "2.1.0",
      "resolved": "https://registry.npmjs.org/is-binary-path/-/is-binary-path-2.1.0.tgz",
      "integrity": "sha512-ZMERYes6pDydyuGidse7OsHxtbI7WVeUEozgR/g7rd0xUimYNlvZRE/K2MgZTjWy725IfelLeVcEM97mmtRGXw==",
      "dependencies": {
        "binary-extensions": "^2.0.0"
      },
      "engines": {
        "node": ">=8"
      }
    },
    "node_modules/is-buffer": {
      "version": "1.1.6",
      "resolved": "https://registry.npmjs.org/is-buffer/-/is-buffer-1.1.6.tgz",
      "integrity": "sha512-NcdALwpXkTm5Zvvbk7owOUSvVvBKDgKP5/ewfXEznmQFfs4ZRmanOeKBTjRVjka3QFoN6XJ+9F3USqfHqTaU5w==",
      "dev": true
    },
    "node_modules/is-char-suitable-for-html-attr-name": {
      "version": "2.1.0",
      "resolved": "https://registry.npmjs.org/is-char-suitable-for-html-attr-name/-/is-char-suitable-for-html-attr-name-2.1.0.tgz",
      "integrity": "sha512-tftj5TBEAIzYs+GDzmtM0rDuRGI/6JVCXXctxLAb/zqAWoudnyGMkFpixmBGhRmadc0Q0wzJ8BLZgLJeWqLo0Q==",
      "dev": true,
      "dependencies": {
        "@babel/runtime": "^7.14.0"
      }
    },
    "node_modules/is-extglob": {
      "version": "2.1.1",
      "resolved": "https://registry.npmjs.org/is-extglob/-/is-extglob-2.1.1.tgz",
      "integrity": "sha1-qIwCU1eR8C7TfHahueqXc8gz+MI=",
      "engines": {
        "node": ">=0.10.0"
      }
    },
    "node_modules/is-glob": {
      "version": "4.0.1",
      "resolved": "https://registry.npmjs.org/is-glob/-/is-glob-4.0.1.tgz",
      "integrity": "sha512-5G0tKtBTFImOqDnLB2hG6Bp2qcKEFduo4tZu9MT/H6NQv/ghhy30o55ufafxJ/LdH79LLs2Kfrn85TLKyA7BUg==",
      "dependencies": {
        "is-extglob": "^2.1.1"
      },
      "engines": {
        "node": ">=0.10.0"
      }
    },
    "node_modules/is-html-attribute-closing": {
      "version": "2.3.0",
      "resolved": "https://registry.npmjs.org/is-html-attribute-closing/-/is-html-attribute-closing-2.3.0.tgz",
      "integrity": "sha512-XTtYjo8F0kv5BW8aVz4+ynz23by4x9DOT3SKId+WRc2LZyFDXKMpr1W3k5BCriTc+vFsyJZB6rGXP9N4N+KCjQ==",
      "dev": true,
      "dependencies": {
        "@babel/runtime": "^7.14.0",
        "html-all-known-attributes": "^4.1.0",
        "is-char-suitable-for-html-attr-name": "^2.1.0",
        "string-left-right": "^4.1.0",
        "string-match-left-right": "^7.1.0"
      }
    },
    "node_modules/is-html-tag-opening": {
      "version": "2.1.0",
      "resolved": "https://registry.npmjs.org/is-html-tag-opening/-/is-html-tag-opening-2.1.0.tgz",
      "integrity": "sha512-97xTbeQXxbPLMo+nlmHELuTa45PWlSgsvujIETJnaEv7uRw5mP7s5lcgXLIAq0Rxg1a3Hgwt9tCYA2S72zl1gg==",
      "dev": true,
      "dependencies": {
        "@babel/runtime": "^7.14.0",
        "string-left-right": "^4.1.0",
        "string-match-left-right": "^7.1.0"
      }
    },
    "node_modules/is-number": {
      "version": "7.0.0",
      "resolved": "https://registry.npmjs.org/is-number/-/is-number-7.0.0.tgz",
      "integrity": "sha512-41Cifkg6e8TylSpdtTpeLVMqvSBEVzTttHvERD741+pnZ8ANv0004MRL43QKPDlK9cGvNp6NZWZUBlbGXYxxng==",
      "engines": {
        "node": ">=0.12.0"
      }
    },
    "node_modules/lodash": {
      "version": "4.17.21",
      "resolved": "https://registry.npmjs.org/lodash/-/lodash-4.17.21.tgz",
      "integrity": "sha512-v2kDEe57lecTulaDIuNTPy3Ry4gLGJ6Z1O3vE1krgXZNrsQ+LFTGHVxVjcXPs17LhbZVGedAJv8XZ1tvj5FvSg==",
      "dev": true
    },
    "node_modules/lodash.clonedeep": {
      "version": "4.5.0",
      "resolved": "https://registry.npmjs.org/lodash.clonedeep/-/lodash.clonedeep-4.5.0.tgz",
      "integrity": "sha1-4j8/nE+Pvd6HJSnBBxhXoIblzO8=",
      "dev": true
    },
    "node_modules/lodash.isplainobject": {
      "version": "4.0.6",
      "resolved": "https://registry.npmjs.org/lodash.isplainobject/-/lodash.isplainobject-4.0.6.tgz",
      "integrity": "sha1-fFJqUtibRcRcxpC4gWO+BJf1UMs=",
      "dev": true
    },
    "node_modules/magic-string": {
      "version": "0.25.7",
      "resolved": "https://registry.npmjs.org/magic-string/-/magic-string-0.25.7.tgz",
      "integrity": "sha512-4CrMT5DOHTDk4HYDlzmwu4FVCcIYI8gauveasrdCu2IKIFOJ3f0v/8MDGJCDL9oD2ppz/Av1b0Nj345H9M+XIA==",
      "dev": true,
      "dependencies": {
        "sourcemap-codec": "^1.4.4"
      }
    },
    "node_modules/md5": {
      "version": "2.3.0",
      "resolved": "https://registry.npmjs.org/md5/-/md5-2.3.0.tgz",
      "integrity": "sha512-T1GITYmFaKuO91vxyoQMFETst+O71VUPEU3ze5GNzDm0OWdP8v1ziTaAEPUr/3kLsY3Sftgz242A1SetQiDL7g==",
      "dev": true,
      "dependencies": {
        "charenc": "0.0.2",
        "crypt": "0.0.2",
        "is-buffer": "~1.1.6"
      }
    },
    "node_modules/normalize-path": {
      "version": "3.0.0",
      "resolved": "https://registry.npmjs.org/normalize-path/-/normalize-path-3.0.0.tgz",
      "integrity": "sha512-6eZs5Ls3WtCisHWp9S2GUy8dqkpGi4BVSz3GaqiE6ezub0512ESztXUwUB6C6IKbQkY2Pnb/mD4WYojCRwcwLA==",
      "engines": {
        "node": ">=0.10.0"
      }
    },
    "node_modules/nth-check": {
      "version": "2.0.0",
      "resolved": "https://registry.npmjs.org/nth-check/-/nth-check-2.0.0.tgz",
      "integrity": "sha512-i4sc/Kj8htBrAiH1viZ0TgU8Y5XqCaV/FziYK6TBczxmeKm3AEFWqqF3195yKudrarqy7Zu80Ra5dobFjn9X/Q==",
      "dev": true,
      "dependencies": {
        "boolbase": "^1.0.0"
      },
      "funding": {
        "url": "https://github.com/fb55/nth-check?sponsor=1"
      }
    },
    "node_modules/object-path": {
      "version": "0.11.5",
      "resolved": "https://registry.npmjs.org/object-path/-/object-path-0.11.5.tgz",
      "integrity": "sha512-jgSbThcoR/s+XumvGMTMf81QVBmah+/Q7K7YduKeKVWL7N111unR2d6pZZarSk6kY/caeNxUDyxOvMWyzoU2eg==",
      "dev": true,
      "engines": {
        "node": ">= 10.12.0"
      }
    },
    "node_modules/picomatch": {
      "version": "2.2.2",
      "resolved": "https://registry.npmjs.org/picomatch/-/picomatch-2.2.2.tgz",
      "integrity": "sha512-q0M/9eZHzmr0AulXyPwNfZjtwZ/RBZlbN3K3CErVrk50T2ASYI7Bye0EvekFY3IP1Nt2DHu0re+V2ZHIpMkuWg==",
      "engines": {
        "node": ">=8.6"
      }
    },
    "node_modules/readdirp": {
      "version": "3.5.0",
      "resolved": "https://registry.npmjs.org/readdirp/-/readdirp-3.5.0.tgz",
      "integrity": "sha512-cMhu7c/8rdhkHXWsY+osBhfSy0JikwpHK/5+imo+LpeasTF8ouErHrlYkwT0++njiyuDvc7OFY5T3ukvZ8qmFQ==",
      "dependencies": {
        "picomatch": "^2.2.1"
      },
      "engines": {
        "node": ">=8.10.0"
      }
    },
    "node_modules/regenerator-runtime": {
      "version": "0.13.7",
      "resolved": "https://registry.npmjs.org/regenerator-runtime/-/regenerator-runtime-0.13.7.tgz",
      "integrity": "sha512-a54FxoJDIr27pgf7IgeQGxmqUNYrcV338lf/6gH456HZ/PhX+5BcwHXG9ajESmwe6WRO0tAzRUrRmNONWgkrew==",
      "dev": true
    },
    "node_modules/sass": {
      "version": "1.35.2",
      "resolved": "https://registry.npmjs.org/sass/-/sass-1.35.2.tgz",
      "integrity": "sha512-jhO5KAR+AMxCEwIH3v+4zbB2WB0z67V1X0jbapfVwQQdjHZUGUyukpnoM6+iCMfsIUC016w9OPKQ5jrNOS9uXw==",
      "dependencies": {
        "chokidar": ">=3.0.0 <4.0.0"
      },
      "bin": {
        "sass": "sass.js"
      },
      "engines": {
        "node": ">=8.9.0"
      }
    },
    "node_modules/sass.js": {
      "version": "0.11.1",
      "resolved": "https://registry.npmjs.org/sass.js/-/sass.js-0.11.1.tgz",
      "integrity": "sha512-X9AtzYFr/HZ+pDIxX6xN74w/H9JjnDHqZcsYY8mr/SpCyhDVN1pJ3G0Q9rb+z3pZ7obZdYuTYMbKl1ALuhbZDw=="
    },
    "node_modules/sourcemap-codec": {
      "version": "1.4.8",
      "resolved": "https://registry.npmjs.org/sourcemap-codec/-/sourcemap-codec-1.4.8.tgz",
      "integrity": "sha512-9NykojV5Uih4lgo5So5dtw+f0JgJX30KCNI8gwhz2J9A15wD0Ml6tjHKwf6fTSa6fAdVBdZeNOs9eJ71qCk8vA==",
      "dev": true
    },
    "node_modules/string-character-is-astral-surrogate": {
      "version": "1.13.0",
      "resolved": "https://registry.npmjs.org/string-character-is-astral-surrogate/-/string-character-is-astral-surrogate-1.13.0.tgz",
      "integrity": "sha512-tKRG2qaGiV2ntUur32sfeAypqTvMUtl+8spEYSJzDsee4lKGMFxQmdHIyCw/uiWWQSve+DQmde2japDYZlQpLA==",
      "dev": true,
      "dependencies": {
        "@babel/runtime": "^7.14.0"
      }
    },
    "node_modules/string-find-malformed": {
      "version": "2.1.0",
      "resolved": "https://registry.npmjs.org/string-find-malformed/-/string-find-malformed-2.1.0.tgz",
      "integrity": "sha512-bEjSfv6hfrP4RXl/FDDw0arNEqDiRJFoeXRhQQ641HqQGY+Cew/3WstWHjqQRigSjljBPv0dpB2EWzTYSGG3cQ==",
      "dev": true,
      "dependencies": {
        "@babel/runtime": "^7.14.0",
        "string-left-right": "^4.1.0"
      }
    },
    "node_modules/string-left-right": {
      "version": "4.1.0",
      "resolved": "https://registry.npmjs.org/string-left-right/-/string-left-right-4.1.0.tgz",
      "integrity": "sha512-ic/WvfNVUygWWsgg8akzSzp2NuttfhrdbH7QmSnda5b5RFmT9aCEDiS/M+gmTJwtFy7+b/2AXU4Z6vejcePQqQ==",
      "dev": true,
      "dependencies": {
        "@babel/runtime": "^7.14.0",
        "lodash.clonedeep": "^4.5.0",
        "lodash.isplainobject": "^4.0.6"
      }
    },
    "node_modules/string-match-left-right": {
      "version": "7.1.0",
      "resolved": "https://registry.npmjs.org/string-match-left-right/-/string-match-left-right-7.1.0.tgz",
      "integrity": "sha512-PSyXWesECKYnTJy6xaXAz/2AiyIjrga2hhMN8QbSNGwsnxcpWxt5pMpc7JQIzPkkEwDwip8PdIuU110xKuBevg==",
      "dev": true,
      "dependencies": {
        "@babel/runtime": "^7.14.0",
        "arrayiffy-if-string": "^3.14.0",
        "lodash.isplainobject": "^4.0.6",
        "string-character-is-astral-surrogate": "^1.13.0"
      }
    },
    "node_modules/to-regex-range": {
      "version": "5.0.1",
      "resolved": "https://registry.npmjs.org/to-regex-range/-/to-regex-range-5.0.1.tgz",
      "integrity": "sha512-65P7iz6X5yEr1cwcgvQxbbIw7Uk3gOy5dIdtZ4rDveLqhrdJP+Li/Hx6tyK0NEb+2GCyneCMJiGqrADCSNk8sQ==",
      "dependencies": {
        "is-number": "^7.0.0"
      },
      "engines": {
        "node": ">=8.0"
      }
    },
    "node_modules/valid-filename": {
      "version": "3.1.0",
      "resolved": "https://registry.npmjs.org/valid-filename/-/valid-filename-3.1.0.tgz",
      "integrity": "sha512-O99sdfhdGCiWoN4cv6Unq4eJ2EuXwRsOLCeSw+IJyMYgwVK0BPmaUnzhWQw5E8qknLTVrVExCr6xxTBnRBvtsQ==",
      "dev": true,
      "dependencies": {
        "filename-reserved-regex": "^2.0.0"
      },
      "engines": {
        "node": ">=6"
      }
    }
  },
  "dependencies": {
    "@babel/runtime": {
      "version": "7.14.6",
      "resolved": "https://registry.npmjs.org/@babel/runtime/-/runtime-7.14.6.tgz",
      "integrity": "sha512-/PCB2uJ7oM44tz8YhC4Z/6PeOKXp4K588f+5M3clr1M4zbqztlo0XEfJ2LEzj/FgwfgGcIdl8n7YYjTCI0BYwg==",
      "dev": true,
      "requires": {
        "regenerator-runtime": "^0.13.4"
      }
    },
    "@useparcel/tape": {
      "version": "0.6.1",
      "resolved": "https://registry.npmjs.org/@useparcel/tape/-/tape-0.6.1.tgz",
      "integrity": "sha512-u2FDIl4/MeAz42M/h5lRppzIoszkqtSqP+7Rx/3CvKgSWoo8xJrN5Iqc9pDyoSxIiGP3VnLv/Khkfk8yeXUCzw==",
      "dev": true,
      "requires": {
        "@useparcel/tape-css": "^0.6.1",
        "@useparcel/tape-html": "^0.6.1",
        "dependency-graph": "^0.11.0",
        "lodash": "^4.17.20",
        "md5": "^2.3.0",
        "valid-filename": "^3.1.0"
      }
    },
    "@useparcel/tape-css": {
      "version": "0.6.1",
      "resolved": "https://registry.npmjs.org/@useparcel/tape-css/-/tape-css-0.6.1.tgz",
      "integrity": "sha512-7y94D8IvZx12PbMv9tFFCkk286YbTzamj2A8TOi3c0szPDyGgrC3U68UsNLr0DeCeRIkRZ9/BIaaoCkgDa/p4w==",
      "dev": true,
      "requires": {
        "find-css-dependencies": "^0.6.0",
        "is-absolute-url": "^3.0.3",
        "magic-string": "^0.25.7"
      }
    },
    "@useparcel/tape-html": {
      "version": "0.6.1",
      "resolved": "https://registry.npmjs.org/@useparcel/tape-html/-/tape-html-0.6.1.tgz",
      "integrity": "sha512-+h9cf+S4wSZYZsZVmOvn9GrpPKI8lb6UtC4Pr5mRlnhwT4+VwrEeF67Htud6mCIUytsAQfvhgDun1D22OKpcUQ==",
      "dev": true,
      "requires": {
        "codsen-parser": "^0.11.0",
        "find-embedded-documents": "^0.6.0",
        "find-html-dependencies": "^0.6.0",
        "is-absolute-url": "^3.0.3",
        "magic-string": "^0.25.7"
      }
    },
    "anymatch": {
      "version": "3.1.1",
      "resolved": "https://registry.npmjs.org/anymatch/-/anymatch-3.1.1.tgz",
      "integrity": "sha512-mM8522psRCqzV+6LhomX5wgp25YVibjh8Wj23I5RPkPppSVSjyKD2A2mBJmWGa+KN7f2D6LNh9jkBCeyLktzjg==",
      "requires": {
        "normalize-path": "^3.0.0",
        "picomatch": "^2.0.4"
      }
    },
    "arrayiffy-if-string": {
      "version": "3.14.0",
      "resolved": "https://registry.npmjs.org/arrayiffy-if-string/-/arrayiffy-if-string-3.14.0.tgz",
      "integrity": "sha512-pQQDnM+wOBvgElVGB8//y16IpZEsi3mU3jkjvhJCm3J7zSvRPlm/8Wl76gE1O9vnU1CWcz2u5JfsOLtD7yvuLw==",
      "dev": true,
      "requires": {
        "@babel/runtime": "^7.14.0"
      }
    },
    "ast-monkey-util": {
      "version": "1.4.0",
      "resolved": "https://registry.npmjs.org/ast-monkey-util/-/ast-monkey-util-1.4.0.tgz",
      "integrity": "sha512-GjdhxUtsWb/kbeGJzhHj7hnEWhxcaqkihAyxrE4hDiuYwcyU8CXG8YVZcF+WLp10dvZHdIcALQx7iye2HcyMZg==",
      "dev": true,
      "requires": {
        "@babel/runtime": "^7.14.0"
      }
    },
    "binary-extensions": {
      "version": "2.1.0",
      "resolved": "https://registry.npmjs.org/binary-extensions/-/binary-extensions-2.1.0.tgz",
      "integrity": "sha512-1Yj8h9Q+QDF5FzhMs/c9+6UntbD5MkRfRwac8DoEm9ZfUBZ7tZ55YcGVAzEe4bXsdQHEk+s9S5wsOKVdZrw0tQ=="
    },
    "boolbase": {
      "version": "1.0.0",
      "resolved": "https://registry.npmjs.org/boolbase/-/boolbase-1.0.0.tgz",
      "integrity": "sha1-aN/1++YMUes3cl6p4+0xDcwed24=",
      "dev": true
    },
    "braces": {
      "version": "3.0.2",
      "resolved": "https://registry.npmjs.org/braces/-/braces-3.0.2.tgz",
      "integrity": "sha512-b8um+L1RzM3WDSzvhm6gIz1yfTbBt6YTlcEKAvsmqCZZFw46z626lVj9j1yEPW33H5H+lBQpZMP1k8l+78Ha0A==",
      "requires": {
        "fill-range": "^7.0.1"
      }
    },
    "charenc": {
      "version": "0.0.2",
      "resolved": "https://registry.npmjs.org/charenc/-/charenc-0.0.2.tgz",
      "integrity": "sha1-wKHS86cJLgN3S/qD8UwPxXkKhmc=",
      "dev": true
    },
    "chokidar": {
      "version": "3.4.3",
      "resolved": "https://registry.npmjs.org/chokidar/-/chokidar-3.4.3.tgz",
      "integrity": "sha512-DtM3g7juCXQxFVSNPNByEC2+NImtBuxQQvWlHunpJIS5Ocr0lG306cC7FCi7cEA0fzmybPUIl4txBIobk1gGOQ==",
      "requires": {
        "anymatch": "~3.1.1",
        "braces": "~3.0.2",
        "fsevents": "~2.1.2",
        "glob-parent": "~5.1.0",
        "is-binary-path": "~2.1.0",
        "is-glob": "~4.0.1",
        "normalize-path": "~3.0.0",
        "readdirp": "~3.5.0"
      }
    },
    "codsen-parser": {
      "version": "0.11.0",
      "resolved": "https://registry.npmjs.org/codsen-parser/-/codsen-parser-0.11.0.tgz",
      "integrity": "sha512-LIjaxCr676Idhubl5RqVZamyn8Y5i0cg1mkxDH3cPbhZCJZoF1LBf44K4DzuDABL4BoYzm3vxbmnPRVehyM7rQ==",
      "dev": true,
      "requires": {
        "@babel/runtime": "^7.14.0",
        "ast-monkey-util": "^1.4.0",
        "codsen-tokenizer": "^5.6.0",
        "object-path": "^0.11.5",
        "string-find-malformed": "^2.1.0",
        "string-left-right": "^4.1.0"
      }
    },
    "codsen-tokenizer": {
      "version": "5.6.0",
      "resolved": "https://registry.npmjs.org/codsen-tokenizer/-/codsen-tokenizer-5.6.0.tgz",
      "integrity": "sha512-r3lHDrtC3fE7oiZtZ1bJ9hdYjrk63OT7bRWuCt2IF0lLyG42lTmxkLjzUWr8TndMUBe8vkkUBXg5aXHyY4e6Eg==",
      "dev": true,
      "requires": {
        "@babel/runtime": "^7.14.0",
        "html-all-known-attributes": "^4.1.0",
        "is-char-suitable-for-html-attr-name": "^2.1.0",
        "is-html-attribute-closing": "^2.3.0",
        "is-html-tag-opening": "^2.1.0",
        "lodash.clonedeep": "^4.5.0",
        "lodash.isplainobject": "^4.0.6",
        "string-left-right": "^4.1.0",
        "string-match-left-right": "^7.1.0"
      }
    },
    "crypt": {
      "version": "0.0.2",
      "resolved": "https://registry.npmjs.org/crypt/-/crypt-0.0.2.tgz",
      "integrity": "sha1-iNf/fsDfuG9xPch7u0LQRNPmxBs=",
      "dev": true
    },
    "css-select": {
      "version": "3.1.2",
      "resolved": "https://registry.npmjs.org/css-select/-/css-select-3.1.2.tgz",
      "integrity": "sha512-qmss1EihSuBNWNNhHjxzxSfJoFBM/lERB/Q4EnsJQQC62R2evJDW481091oAdOr9uh46/0n4nrg0It5cAnj1RA==",
      "dev": true,
      "requires": {
        "boolbase": "^1.0.0",
        "css-what": "^4.0.0",
        "domhandler": "^4.0.0",
        "domutils": "^2.4.3",
        "nth-check": "^2.0.0"
      }
    },
    "css-select-codsen-parser": {
      "version": "0.6.0",
      "resolved": "https://registry.npmjs.org/css-select-codsen-parser/-/css-select-codsen-parser-0.6.0.tgz",
      "integrity": "sha512-W9tr3FYNHuVeOi70mg81f2ibRqkoo6nxn4kNhehHLrysO37OWgd7q4iIL7VqTXB2O5Mgo53BrpfyjTjZrjU/7g==",
      "dev": true
    },
    "css-what": {
      "version": "4.0.0",
      "resolved": "https://registry.npmjs.org/css-what/-/css-what-4.0.0.tgz",
      "integrity": "sha512-teijzG7kwYfNVsUh2H/YN62xW3KK9YhXEgSlbxMlcyjPNvdKJqFx5lrwlJgoFP1ZHlB89iGDlo/JyshKeRhv5A==",
      "dev": true
    },
    "dependency-graph": {
      "version": "0.11.0",
      "resolved": "https://registry.npmjs.org/dependency-graph/-/dependency-graph-0.11.0.tgz",
      "integrity": "sha512-JeMq7fEshyepOWDfcfHK06N3MhyPhz++vtqWhMT5O9A3K42rdsEDpfdVqjaqaAhsw6a+ZqeDvQVtD0hFHQWrzg==",
      "dev": true
    },
    "dom-serializer": {
      "version": "1.3.2",
      "resolved": "https://registry.npmjs.org/dom-serializer/-/dom-serializer-1.3.2.tgz",
      "integrity": "sha512-5c54Bk5Dw4qAxNOI1pFEizPSjVsx5+bpJKmL2kPn8JhBUq2q09tTCa3mjijun2NfK78NMouDYNMBkOrPZiS+ig==",
      "dev": true,
      "requires": {
        "domelementtype": "^2.0.1",
        "domhandler": "^4.2.0",
        "entities": "^2.0.0"
      }
    },
    "domelementtype": {
      "version": "2.2.0",
      "resolved": "https://registry.npmjs.org/domelementtype/-/domelementtype-2.2.0.tgz",
      "integrity": "sha512-DtBMo82pv1dFtUmHyr48beiuq792Sxohr+8Hm9zoxklYPfa6n0Z3Byjj2IV7bmr2IyqClnqEQhfgHJJ5QF0R5A==",
      "dev": true
    },
    "domhandler": {
      "version": "4.2.0",
      "resolved": "https://registry.npmjs.org/domhandler/-/domhandler-4.2.0.tgz",
      "integrity": "sha512-zk7sgt970kzPks2Bf+dwT/PLzghLnsivb9CcxkvR8Mzr66Olr0Ofd8neSbglHJHaHa2MadfoSdNlKYAaafmWfA==",
      "dev": true,
      "requires": {
        "domelementtype": "^2.2.0"
      }
    },
    "domutils": {
      "version": "2.7.0",
      "resolved": "https://registry.npmjs.org/domutils/-/domutils-2.7.0.tgz",
      "integrity": "sha512-8eaHa17IwJUPAiB+SoTYBo5mCdeMgdcAoXJ59m6DT1vw+5iLS3gNoqYaRowaBKtGVrOF1Jz4yDTgYKLK2kvfJg==",
      "dev": true,
      "requires": {
        "dom-serializer": "^1.0.1",
        "domelementtype": "^2.2.0",
        "domhandler": "^4.2.0"
      }
    },
    "entities": {
      "version": "2.2.0",
      "resolved": "https://registry.npmjs.org/entities/-/entities-2.2.0.tgz",
      "integrity": "sha512-p92if5Nz619I0w+akJrLZH0MX0Pb5DX39XOwQTtXSdQQOaYH03S1uIQp4mhOZtAXrxq4ViO67YTiLBo2638o9A==",
      "dev": true
    },
    "filename-reserved-regex": {
      "version": "2.0.0",
      "resolved": "https://registry.npmjs.org/filename-reserved-regex/-/filename-reserved-regex-2.0.0.tgz",
      "integrity": "sha1-q/c9+rc10EVECr/qLZHzieu/oik=",
      "dev": true
    },
    "fill-range": {
      "version": "7.0.1",
      "resolved": "https://registry.npmjs.org/fill-range/-/fill-range-7.0.1.tgz",
      "integrity": "sha512-qOo9F+dMUmC2Lcb4BbVvnKJxTPjCm+RRpe4gDuGrzkL7mEVl/djYSu2OdQ2Pa302N4oqkSg9ir6jaLWJ2USVpQ==",
      "requires": {
        "to-regex-range": "^5.0.1"
      }
    },
    "find-css-dependencies": {
      "version": "0.6.0",
      "resolved": "https://registry.npmjs.org/find-css-dependencies/-/find-css-dependencies-0.6.0.tgz",
      "integrity": "sha512-3ou04D/BGWeWRPNJPY88LTsf2bn7UIb0JFiaqLqCYO2AXMwglKhz4jnb78Yx/j+Bqan2/dZDq92VD4uXXps3hQ==",
      "dev": true
    },
    "find-embedded-documents": {
      "version": "0.6.0",
      "resolved": "https://registry.npmjs.org/find-embedded-documents/-/find-embedded-documents-0.6.0.tgz",
      "integrity": "sha512-XAPMAU8/QAsFlW3f0GXYX3gXm/q/8hkvj0+bm51yZ3agXBhYw4YMuenPLSVGM+wYcRANgR4LSL0k4mzsjF47IA==",
      "dev": true,
      "requires": {
        "codsen-parser": "^0.11.0",
        "css-select": "^3.1.1",
        "css-select-codsen-parser": "^0.6.0"
      }
    },
    "find-html-dependencies": {
      "version": "0.6.0",
      "resolved": "https://registry.npmjs.org/find-html-dependencies/-/find-html-dependencies-0.6.0.tgz",
      "integrity": "sha512-29KZFZqUwRQNeWjTnTctHNToXgmyURxmJQ4TkeQoKqg3aNkNvkJcp/3EqlIG1MQuqguzz0w2gQtn8SlaJs4tsw==",
      "dev": true,
      "requires": {
        "codsen-parser": "^0.11.0",
        "css-select": "^3.1.1",
        "css-select-codsen-parser": "^0.6.0"
      }
    },
    "fsevents": {
      "version": "2.1.3",
      "resolved": "https://registry.npmjs.org/fsevents/-/fsevents-2.1.3.tgz",
      "integrity": "sha512-Auw9a4AxqWpa9GUfj370BMPzzyncfBABW8Mab7BGWBYDj4Isgq+cDKtx0i6u9jcX9pQDnswsaaOTgTmA5pEjuQ==",
      "optional": true
    },
    "glob-parent": {
      "version": "5.1.1",
      "resolved": "https://registry.npmjs.org/glob-parent/-/glob-parent-5.1.1.tgz",
      "integrity": "sha512-FnI+VGOpnlGHWZxthPGR+QhR78fuiK0sNLkHQv+bL9fQi57lNNdquIbna/WrfROrolq8GK5Ek6BiMwqL/voRYQ==",
      "requires": {
        "is-glob": "^4.0.1"
      }
    },
    "html-all-known-attributes": {
      "version": "4.1.0",
      "resolved": "https://registry.npmjs.org/html-all-known-attributes/-/html-all-known-attributes-4.1.0.tgz",
      "integrity": "sha512-KaSC/go1CspiJ1Xs5abPYbSbFnfIOE4eaEHnrWryql8lgX58W006uu3NjK4SHTUquM7QSFYzEqWuVI5psE7Ocg==",
      "dev": true,
      "requires": {
        "@babel/runtime": "^7.14.0"
      }
    },
    "is-absolute-url": {
      "version": "3.0.3",
      "resolved": "https://registry.npmjs.org/is-absolute-url/-/is-absolute-url-3.0.3.tgz",
      "integrity": "sha512-opmNIX7uFnS96NtPmhWQgQx6/NYFgsUXYMllcfzwWKUMwfo8kku1TvE6hkNcH+Q1ts5cMVrsY7j0bxXQDciu9Q==",
      "dev": true
    },
    "is-binary-path": {
      "version": "2.1.0",
      "resolved": "https://registry.npmjs.org/is-binary-path/-/is-binary-path-2.1.0.tgz",
      "integrity": "sha512-ZMERYes6pDydyuGidse7OsHxtbI7WVeUEozgR/g7rd0xUimYNlvZRE/K2MgZTjWy725IfelLeVcEM97mmtRGXw==",
      "requires": {
        "binary-extensions": "^2.0.0"
      }
    },
    "is-buffer": {
      "version": "1.1.6",
      "resolved": "https://registry.npmjs.org/is-buffer/-/is-buffer-1.1.6.tgz",
      "integrity": "sha512-NcdALwpXkTm5Zvvbk7owOUSvVvBKDgKP5/ewfXEznmQFfs4ZRmanOeKBTjRVjka3QFoN6XJ+9F3USqfHqTaU5w==",
      "dev": true
    },
    "is-char-suitable-for-html-attr-name": {
      "version": "2.1.0",
      "resolved": "https://registry.npmjs.org/is-char-suitable-for-html-attr-name/-/is-char-suitable-for-html-attr-name-2.1.0.tgz",
      "integrity": "sha512-tftj5TBEAIzYs+GDzmtM0rDuRGI/6JVCXXctxLAb/zqAWoudnyGMkFpixmBGhRmadc0Q0wzJ8BLZgLJeWqLo0Q==",
      "dev": true,
      "requires": {
        "@babel/runtime": "^7.14.0"
      }
    },
    "is-extglob": {
      "version": "2.1.1",
      "resolved": "https://registry.npmjs.org/is-extglob/-/is-extglob-2.1.1.tgz",
      "integrity": "sha1-qIwCU1eR8C7TfHahueqXc8gz+MI="
    },
    "is-glob": {
      "version": "4.0.1",
      "resolved": "https://registry.npmjs.org/is-glob/-/is-glob-4.0.1.tgz",
      "integrity": "sha512-5G0tKtBTFImOqDnLB2hG6Bp2qcKEFduo4tZu9MT/H6NQv/ghhy30o55ufafxJ/LdH79LLs2Kfrn85TLKyA7BUg==",
      "requires": {
        "is-extglob": "^2.1.1"
      }
    },
    "is-html-attribute-closing": {
      "version": "2.3.0",
      "resolved": "https://registry.npmjs.org/is-html-attribute-closing/-/is-html-attribute-closing-2.3.0.tgz",
      "integrity": "sha512-XTtYjo8F0kv5BW8aVz4+ynz23by4x9DOT3SKId+WRc2LZyFDXKMpr1W3k5BCriTc+vFsyJZB6rGXP9N4N+KCjQ==",
      "dev": true,
      "requires": {
        "@babel/runtime": "^7.14.0",
        "html-all-known-attributes": "^4.1.0",
        "is-char-suitable-for-html-attr-name": "^2.1.0",
        "string-left-right": "^4.1.0",
        "string-match-left-right": "^7.1.0"
      }
    },
    "is-html-tag-opening": {
      "version": "2.1.0",
      "resolved": "https://registry.npmjs.org/is-html-tag-opening/-/is-html-tag-opening-2.1.0.tgz",
      "integrity": "sha512-97xTbeQXxbPLMo+nlmHELuTa45PWlSgsvujIETJnaEv7uRw5mP7s5lcgXLIAq0Rxg1a3Hgwt9tCYA2S72zl1gg==",
      "dev": true,
      "requires": {
        "@babel/runtime": "^7.14.0",
        "string-left-right": "^4.1.0",
        "string-match-left-right": "^7.1.0"
      }
    },
    "is-number": {
      "version": "7.0.0",
      "resolved": "https://registry.npmjs.org/is-number/-/is-number-7.0.0.tgz",
      "integrity": "sha512-41Cifkg6e8TylSpdtTpeLVMqvSBEVzTttHvERD741+pnZ8ANv0004MRL43QKPDlK9cGvNp6NZWZUBlbGXYxxng=="
    },
    "lodash": {
      "version": "4.17.21",
      "resolved": "https://registry.npmjs.org/lodash/-/lodash-4.17.21.tgz",
      "integrity": "sha512-v2kDEe57lecTulaDIuNTPy3Ry4gLGJ6Z1O3vE1krgXZNrsQ+LFTGHVxVjcXPs17LhbZVGedAJv8XZ1tvj5FvSg==",
      "dev": true
    },
    "lodash.clonedeep": {
      "version": "4.5.0",
      "resolved": "https://registry.npmjs.org/lodash.clonedeep/-/lodash.clonedeep-4.5.0.tgz",
      "integrity": "sha1-4j8/nE+Pvd6HJSnBBxhXoIblzO8=",
      "dev": true
    },
    "lodash.isplainobject": {
      "version": "4.0.6",
      "resolved": "https://registry.npmjs.org/lodash.isplainobject/-/lodash.isplainobject-4.0.6.tgz",
      "integrity": "sha1-fFJqUtibRcRcxpC4gWO+BJf1UMs=",
      "dev": true
    },
    "magic-string": {
      "version": "0.25.7",
      "resolved": "https://registry.npmjs.org/magic-string/-/magic-string-0.25.7.tgz",
      "integrity": "sha512-4CrMT5DOHTDk4HYDlzmwu4FVCcIYI8gauveasrdCu2IKIFOJ3f0v/8MDGJCDL9oD2ppz/Av1b0Nj345H9M+XIA==",
      "dev": true,
      "requires": {
        "sourcemap-codec": "^1.4.4"
      }
    },
    "md5": {
      "version": "2.3.0",
      "resolved": "https://registry.npmjs.org/md5/-/md5-2.3.0.tgz",
      "integrity": "sha512-T1GITYmFaKuO91vxyoQMFETst+O71VUPEU3ze5GNzDm0OWdP8v1ziTaAEPUr/3kLsY3Sftgz242A1SetQiDL7g==",
      "dev": true,
      "requires": {
        "charenc": "0.0.2",
        "crypt": "0.0.2",
        "is-buffer": "~1.1.6"
      }
    },
    "normalize-path": {
      "version": "3.0.0",
      "resolved": "https://registry.npmjs.org/normalize-path/-/normalize-path-3.0.0.tgz",
      "integrity": "sha512-6eZs5Ls3WtCisHWp9S2GUy8dqkpGi4BVSz3GaqiE6ezub0512ESztXUwUB6C6IKbQkY2Pnb/mD4WYojCRwcwLA=="
    },
    "nth-check": {
      "version": "2.0.0",
      "resolved": "https://registry.npmjs.org/nth-check/-/nth-check-2.0.0.tgz",
      "integrity": "sha512-i4sc/Kj8htBrAiH1viZ0TgU8Y5XqCaV/FziYK6TBczxmeKm3AEFWqqF3195yKudrarqy7Zu80Ra5dobFjn9X/Q==",
      "dev": true,
      "requires": {
        "boolbase": "^1.0.0"
      }
    },
    "object-path": {
      "version": "0.11.5",
      "resolved": "https://registry.npmjs.org/object-path/-/object-path-0.11.5.tgz",
      "integrity": "sha512-jgSbThcoR/s+XumvGMTMf81QVBmah+/Q7K7YduKeKVWL7N111unR2d6pZZarSk6kY/caeNxUDyxOvMWyzoU2eg==",
      "dev": true
    },
    "picomatch": {
      "version": "2.2.2",
      "resolved": "https://registry.npmjs.org/picomatch/-/picomatch-2.2.2.tgz",
      "integrity": "sha512-q0M/9eZHzmr0AulXyPwNfZjtwZ/RBZlbN3K3CErVrk50T2ASYI7Bye0EvekFY3IP1Nt2DHu0re+V2ZHIpMkuWg=="
    },
    "readdirp": {
      "version": "3.5.0",
      "resolved": "https://registry.npmjs.org/readdirp/-/readdirp-3.5.0.tgz",
      "integrity": "sha512-cMhu7c/8rdhkHXWsY+osBhfSy0JikwpHK/5+imo+LpeasTF8ouErHrlYkwT0++njiyuDvc7OFY5T3ukvZ8qmFQ==",
      "requires": {
        "picomatch": "^2.2.1"
      }
    },
    "regenerator-runtime": {
      "version": "0.13.7",
      "resolved": "https://registry.npmjs.org/regenerator-runtime/-/regenerator-runtime-0.13.7.tgz",
      "integrity": "sha512-a54FxoJDIr27pgf7IgeQGxmqUNYrcV338lf/6gH456HZ/PhX+5BcwHXG9ajESmwe6WRO0tAzRUrRmNONWgkrew==",
      "dev": true
    },
    "sass": {
      "version": "1.35.2",
      "resolved": "https://registry.npmjs.org/sass/-/sass-1.35.2.tgz",
      "integrity": "sha512-jhO5KAR+AMxCEwIH3v+4zbB2WB0z67V1X0jbapfVwQQdjHZUGUyukpnoM6+iCMfsIUC016w9OPKQ5jrNOS9uXw==",
      "requires": {
        "chokidar": ">=3.0.0 <4.0.0"
      }
    },
    "sass.js": {
      "version": "0.11.1",
      "resolved": "https://registry.npmjs.org/sass.js/-/sass.js-0.11.1.tgz",
      "integrity": "sha512-X9AtzYFr/HZ+pDIxX6xN74w/H9JjnDHqZcsYY8mr/SpCyhDVN1pJ3G0Q9rb+z3pZ7obZdYuTYMbKl1ALuhbZDw=="
    },
    "sourcemap-codec": {
      "version": "1.4.8",
      "resolved": "https://registry.npmjs.org/sourcemap-codec/-/sourcemap-codec-1.4.8.tgz",
      "integrity": "sha512-9NykojV5Uih4lgo5So5dtw+f0JgJX30KCNI8gwhz2J9A15wD0Ml6tjHKwf6fTSa6fAdVBdZeNOs9eJ71qCk8vA==",
      "dev": true
    },
    "string-character-is-astral-surrogate": {
      "version": "1.13.0",
      "resolved": "https://registry.npmjs.org/string-character-is-astral-surrogate/-/string-character-is-astral-surrogate-1.13.0.tgz",
      "integrity": "sha512-tKRG2qaGiV2ntUur32sfeAypqTvMUtl+8spEYSJzDsee4lKGMFxQmdHIyCw/uiWWQSve+DQmde2japDYZlQpLA==",
      "dev": true,
      "requires": {
        "@babel/runtime": "^7.14.0"
      }
    },
    "string-find-malformed": {
      "version": "2.1.0",
      "resolved": "https://registry.npmjs.org/string-find-malformed/-/string-find-malformed-2.1.0.tgz",
      "integrity": "sha512-bEjSfv6hfrP4RXl/FDDw0arNEqDiRJFoeXRhQQ641HqQGY+Cew/3WstWHjqQRigSjljBPv0dpB2EWzTYSGG3cQ==",
      "dev": true,
      "requires": {
        "@babel/runtime": "^7.14.0",
        "string-left-right": "^4.1.0"
      }
    },
    "string-left-right": {
      "version": "4.1.0",
      "resolved": "https://registry.npmjs.org/string-left-right/-/string-left-right-4.1.0.tgz",
      "integrity": "sha512-ic/WvfNVUygWWsgg8akzSzp2NuttfhrdbH7QmSnda5b5RFmT9aCEDiS/M+gmTJwtFy7+b/2AXU4Z6vejcePQqQ==",
      "dev": true,
      "requires": {
        "@babel/runtime": "^7.14.0",
        "lodash.clonedeep": "^4.5.0",
        "lodash.isplainobject": "^4.0.6"
      }
    },
    "string-match-left-right": {
      "version": "7.1.0",
      "resolved": "https://registry.npmjs.org/string-match-left-right/-/string-match-left-right-7.1.0.tgz",
      "integrity": "sha512-PSyXWesECKYnTJy6xaXAz/2AiyIjrga2hhMN8QbSNGwsnxcpWxt5pMpc7JQIzPkkEwDwip8PdIuU110xKuBevg==",
      "dev": true,
      "requires": {
        "@babel/runtime": "^7.14.0",
        "arrayiffy-if-string": "^3.14.0",
        "lodash.isplainobject": "^4.0.6",
        "string-character-is-astral-surrogate": "^1.13.0"
      }
    },
    "to-regex-range": {
      "version": "5.0.1",
      "resolved": "https://registry.npmjs.org/to-regex-range/-/to-regex-range-5.0.1.tgz",
      "integrity": "sha512-65P7iz6X5yEr1cwcgvQxbbIw7Uk3gOy5dIdtZ4rDveLqhrdJP+Li/Hx6tyK0NEb+2GCyneCMJiGqrADCSNk8sQ==",
      "requires": {
        "is-number": "^7.0.0"
      }
    },
    "valid-filename": {
      "version": "3.1.0",
      "resolved": "https://registry.npmjs.org/valid-filename/-/valid-filename-3.1.0.tgz",
      "integrity": "sha512-O99sdfhdGCiWoN4cv6Unq4eJ2EuXwRsOLCeSw+IJyMYgwVK0BPmaUnzhWQw5E8qknLTVrVExCr6xxTBnRBvtsQ==",
      "dev": true,
      "requires": {
        "filename-reserved-regex": "^2.0.0"
      }
    }
  }
}
