{
  "name": "@useparcel/tape-html",
  "version": "0.4.2",
  "lockfileVersion": 1,
  "requires": true,
  "dependencies": {
    "@babel/runtime": {
      "version": "7.12.5",
      "resolved": "https://registry.npmjs.org/@babel/runtime/-/runtime-7.12.5.tgz",
      "integrity": "sha512-plcc+hbExy3McchJCEQG3knOsuh3HH+Prx1P6cLIkET/0dLuQDEnrT+s27Axgc9bqfsmNUNHfscgMUdBpC9xfg==",
      "requires": {
        "regenerator-runtime": "^0.13.4"
      }
    },
    "arrayiffy-if-string": {
      "version": "3.13.0",
      "resolved": "https://registry.npmjs.org/arrayiffy-if-string/-/arrayiffy-if-string-3.13.0.tgz",
      "integrity": "sha512-FzbToO5XkdGa54bfttN518OOJrX6FQmcOc17/G0OQnmpybzxAUgUVDjxRKaNWRw4iHoQTQzwQn10djHhMWn9jQ==",
      "requires": {
        "@babel/runtime": "^7.12.5"
      }
    },
    "ast-monkey-util": {
      "version": "1.3.0",
      "resolved": "https://registry.npmjs.org/ast-monkey-util/-/ast-monkey-util-1.3.0.tgz",
      "integrity": "sha512-p6k0UjU0F0De5RL+6zn2j6i8/E5hqlMQZlUbViEfkc8xAaHfc7GMVeJN7v4TclV5zAp2UQoV2vHtk0+YvfjjNw==",
      "requires": {
        "@babel/runtime": "^7.12.5"
      }
    },
    "boolbase": {
      "version": "1.0.0",
      "resolved": "https://registry.npmjs.org/boolbase/-/boolbase-1.0.0.tgz",
      "integrity": "sha1-aN/1++YMUes3cl6p4+0xDcwed24="
    },
    "codsen-parser": {
      "version": "0.9.0",
      "resolved": "https://registry.npmjs.org/codsen-parser/-/codsen-parser-0.9.0.tgz",
      "integrity": "sha512-ljzYv4Sp/jfXcxBByYhGcwqMuoC/2ftAPnzFc9/QlUo0a4DSXjSAl6cjNfsm3Hf8vZxky5HoJZCIDvnpolmMUg==",
      "requires": {
        "@babel/runtime": "^7.12.5",
        "ast-monkey-util": "^1.3.0",
        "codsen-tokenizer": "^5.0.0",
        "object-path": "^0.11.5",
        "string-find-malformed": "^2.0.0",
        "string-left-right": "^4.0.0"
      }
    },
    "codsen-tokenizer": {
      "version": "5.0.0",
      "resolved": "https://registry.npmjs.org/codsen-tokenizer/-/codsen-tokenizer-5.0.0.tgz",
      "integrity": "sha512-r7ENj4p7ditylqa1mI1U96FVhQYRsuYY9rATei2jQcDmWntjKPpYMf1vhORXVcxwdutOMNs6Yr0UUOaopqJNcw==",
      "requires": {
        "@babel/runtime": "^7.12.5",
        "html-all-known-attributes": "^4.0.0",
        "is-char-suitable-for-html-attr-name": "^2.0.0",
        "is-html-attribute-closing": "^2.0.0",
        "is-html-tag-opening": "^2.0.0",
        "lodash.clonedeep": "^4.5.0",
        "lodash.isplainobject": "^4.0.6",
        "string-left-right": "^4.0.0",
        "string-match-left-right": "^6.0.0"
      }
    },
    "css-select": {
      "version": "3.1.2",
      "resolved": "https://registry.npmjs.org/css-select/-/css-select-3.1.2.tgz",
      "integrity": "sha512-qmss1EihSuBNWNNhHjxzxSfJoFBM/lERB/Q4EnsJQQC62R2evJDW481091oAdOr9uh46/0n4nrg0It5cAnj1RA==",
      "requires": {
        "boolbase": "^1.0.0",
        "css-what": "^4.0.0",
        "domhandler": "^4.0.0",
        "domutils": "^2.4.3",
        "nth-check": "^2.0.0"
      }
    },
    "css-select-codsen-parser": {
      "version": "0.4.0",
      "resolved": "https://registry.npmjs.org/css-select-codsen-parser/-/css-select-codsen-parser-0.4.0.tgz",
      "integrity": "sha512-qKVizR1o0mb2kCYL4qpXuXF4RiUV/KydX2fpccHBieXlPNAWADscedH3H561kgVzYDfFgA7cQQEDeaERT1r0Kg=="
    },
    "css-what": {
      "version": "4.0.0",
      "resolved": "https://registry.npmjs.org/css-what/-/css-what-4.0.0.tgz",
      "integrity": "sha512-teijzG7kwYfNVsUh2H/YN62xW3KK9YhXEgSlbxMlcyjPNvdKJqFx5lrwlJgoFP1ZHlB89iGDlo/JyshKeRhv5A=="
    },
    "dom-serializer": {
      "version": "1.2.0",
      "resolved": "https://registry.npmjs.org/dom-serializer/-/dom-serializer-1.2.0.tgz",
      "integrity": "sha512-n6kZFH/KlCrqs/1GHMOd5i2fd/beQHuehKdWvNNffbGHTr/almdhuVvTVFb3V7fglz+nC50fFusu3lY33h12pA==",
      "requires": {
        "domelementtype": "^2.0.1",
        "domhandler": "^4.0.0",
        "entities": "^2.0.0"
      }
    },
    "domelementtype": {
      "version": "2.1.0",
      "resolved": "https://registry.npmjs.org/domelementtype/-/domelementtype-2.1.0.tgz",
      "integrity": "sha512-LsTgx/L5VpD+Q8lmsXSHW2WpA+eBlZ9HPf3erD1IoPF00/3JKHZ3BknUVA2QGDNu69ZNmyFmCWBSO45XjYKC5w=="
    },
    "domhandler": {
      "version": "4.0.0",
      "resolved": "https://registry.npmjs.org/domhandler/-/domhandler-4.0.0.tgz",
      "integrity": "sha512-KPTbnGQ1JeEMQyO1iYXoagsI6so/C96HZiFyByU3T6iAzpXn8EGEvct6unm1ZGoed8ByO2oirxgwxBmqKF9haA==",
      "requires": {
        "domelementtype": "^2.1.0"
      }
    },
    "domutils": {
      "version": "2.4.4",
      "resolved": "https://registry.npmjs.org/domutils/-/domutils-2.4.4.tgz",
      "integrity": "sha512-jBC0vOsECI4OMdD0GC9mGn7NXPLb+Qt6KW1YDQzeQYRUFKmNG8lh7mO5HiELfr+lLQE7loDVI4QcAxV80HS+RA==",
      "requires": {
        "dom-serializer": "^1.0.1",
        "domelementtype": "^2.0.1",
        "domhandler": "^4.0.0"
      }
    },
    "entities": {
      "version": "2.2.0",
      "resolved": "https://registry.npmjs.org/entities/-/entities-2.2.0.tgz",
      "integrity": "sha512-p92if5Nz619I0w+akJrLZH0MX0Pb5DX39XOwQTtXSdQQOaYH03S1uIQp4mhOZtAXrxq4ViO67YTiLBo2638o9A=="
    },
    "find-embedded-documents": {
      "version": "0.4.0",
      "resolved": "https://registry.npmjs.org/find-embedded-documents/-/find-embedded-documents-0.4.0.tgz",
      "integrity": "sha512-sNrwLejvbeYJnj5N10gXyo22bkZKqkI9oqk1FOskGJ6NLMXgj9lKjity//VAF+Mbm7qAYlt96GkXArwS2TJrsg==",
      "requires": {
        "codsen-parser": "^0.8.3",
        "css-select": "^3.1.1",
        "css-select-codsen-parser": "^0.4.0"
      },
      "dependencies": {
        "codsen-parser": {
          "version": "0.8.6",
          "resolved": "https://registry.npmjs.org/codsen-parser/-/codsen-parser-0.8.6.tgz",
          "integrity": "sha512-CoihZhu08BSK+8tLDtYP/0JYGSLIioswkq/r0SxyO+yfijA1PO2MaaZk72uXdnQ6SPkD1OyKM7oKg4wOlh0bTA==",
          "requires": {
            "ast-monkey-util": "^1.2.0",
            "codsen-tokenizer": "^4.5.1",
            "object-path": "^0.11.5",
            "string-find-malformed": "^1.2.1",
            "string-left-right": "^3.0.1"
          }
        },
        "codsen-tokenizer": {
          "version": "4.5.1",
          "resolved": "https://registry.npmjs.org/codsen-tokenizer/-/codsen-tokenizer-4.5.1.tgz",
          "integrity": "sha512-BD40xTzxyq4ExRgUZ2aQicIWaPKKNuIkiVheoHMxpiXI29TP8Rf90uG4V6ECvwPeeAaHCQ6h0wTqACFw+4x0gA==",
          "requires": {
            "html-all-known-attributes": "^3.0.0",
            "is-char-suitable-for-html-attr-name": "^1.2.0",
            "is-html-attribute-closing": "^1.5.0",
            "is-html-tag-opening": "^1.10.1",
            "lodash.clonedeep": "^4.5.0",
            "lodash.isplainobject": "^4.0.6",
            "string-left-right": "^3.0.1",
            "string-match-left-right": "^5.0.0"
          }
        },
        "html-all-known-attributes": {
          "version": "3.0.0",
          "resolved": "https://registry.npmjs.org/html-all-known-attributes/-/html-all-known-attributes-3.0.0.tgz",
          "integrity": "sha512-EojKoGcIC7RHj4wsZXFyhDnfVvjxDDQ3iQSWQsZyqRE6jmQrj6doqradN77/3jplMGxncECL6WtRbJ2SBp3Jdw=="
        },
        "is-char-suitable-for-html-attr-name": {
          "version": "1.2.0",
          "resolved": "https://registry.npmjs.org/is-char-suitable-for-html-attr-name/-/is-char-suitable-for-html-attr-name-1.2.0.tgz",
          "integrity": "sha512-KConvKtJdKBj3b5nTOID1NIHxjKDO3yeqfviK1vQyDUMSe64nxaTP0l3Peo/pDsXt0tb49x+xmNJD6kKkfgDrg=="
        },
        "is-html-attribute-closing": {
          "version": "1.5.0",
          "resolved": "https://registry.npmjs.org/is-html-attribute-closing/-/is-html-attribute-closing-1.5.0.tgz",
          "integrity": "sha512-JCD0x8VEXy8mKtbaAE74U5+FOtLYxekCaFh/RUQ57KbhInxn3Q7SOA5BzP13NDMiNw4DRJt1chHMPhDYV+JeYg==",
          "requires": {
            "html-all-known-attributes": "^3.0.0",
            "is-char-suitable-for-html-attr-name": "^1.2.0",
            "string-left-right": "^3.0.1",
            "string-match-left-right": "^5.0.0"
          }
        },
        "is-html-tag-opening": {
          "version": "1.10.1",
          "resolved": "https://registry.npmjs.org/is-html-tag-opening/-/is-html-tag-opening-1.10.1.tgz",
          "integrity": "sha512-i0fi4JKJ8RQKXSom/Ss9DOCKSwHirn8OlK8gUzANDnbS3BmnKb3/ndfiINsocOmF96bMB73n2l2MtSrE1123qQ==",
          "requires": {
            "string-left-right": "^3.0.1",
            "string-match-left-right": "^5.0.0"
          }
        },
        "string-find-malformed": {
          "version": "1.2.1",
          "resolved": "https://registry.npmjs.org/string-find-malformed/-/string-find-malformed-1.2.1.tgz",
          "integrity": "sha512-UbczeW0PQBECMT2R8ruYmNgGxkdLzdByItkTF88rYBhL+2+T8tywvw2vX+SWHSDpqUYOHq9eLsIx1rg0y2uFFw==",
          "requires": {
            "string-left-right": "^3.0.1"
          }
        },
        "string-left-right": {
          "version": "3.0.1",
          "resolved": "https://registry.npmjs.org/string-left-right/-/string-left-right-3.0.1.tgz",
          "integrity": "sha512-30bO/J4XHMFgk3I2h0ZUkhvzkryWbb/T4hxvBPyiw8DIfjgK0Relc/sla4LS/kK7UMFys5Sj69Cm+si4rx+nbQ==",
          "requires": {
            "lodash.clonedeep": "^4.5.0",
            "lodash.isplainobject": "^4.0.6"
          }
        },
        "string-match-left-right": {
          "version": "5.0.0",
          "resolved": "https://registry.npmjs.org/string-match-left-right/-/string-match-left-right-5.0.0.tgz",
          "integrity": "sha512-44hzUmoKsruBM6yUvl73XLRktqzG+/+S/iSFFlPN/7Jfmt2jXaTbp31DTXVCEjlp3BXeLvBnIMDsIatNk7KLvw==",
          "requires": {
            "arrayiffy-if-string": "^3.12.0",
            "lodash.isplainobject": "^4.0.6",
            "string-character-is-astral-surrogate": "^1.11.0"
          }
        }
      }
    },
    "find-html-dependencies": {
      "version": "0.4.2",
      "resolved": "https://registry.npmjs.org/find-html-dependencies/-/find-html-dependencies-0.4.2.tgz",
      "integrity": "sha512-hKwFh1EPXL/RsX9ONZ4uY9EgnzNOh4tAxUwlZWQPlSOnG4i7UYxM7KISHCGdUFIQjK6h2xx8oHdhtJPASqDoMw==",
      "requires": {
        "codsen-parser": "^0.8.3",
        "css-select": "^3.1.1",
        "css-select-codsen-parser": "^0.4.0"
      },
      "dependencies": {
        "codsen-parser": {
          "version": "0.8.6",
          "resolved": "https://registry.npmjs.org/codsen-parser/-/codsen-parser-0.8.6.tgz",
          "integrity": "sha512-CoihZhu08BSK+8tLDtYP/0JYGSLIioswkq/r0SxyO+yfijA1PO2MaaZk72uXdnQ6SPkD1OyKM7oKg4wOlh0bTA==",
          "requires": {
            "ast-monkey-util": "^1.2.0",
            "codsen-tokenizer": "^4.5.1",
            "object-path": "^0.11.5",
            "string-find-malformed": "^1.2.1",
            "string-left-right": "^3.0.1"
          }
        },
        "codsen-tokenizer": {
          "version": "4.5.1",
          "resolved": "https://registry.npmjs.org/codsen-tokenizer/-/codsen-tokenizer-4.5.1.tgz",
          "integrity": "sha512-BD40xTzxyq4ExRgUZ2aQicIWaPKKNuIkiVheoHMxpiXI29TP8Rf90uG4V6ECvwPeeAaHCQ6h0wTqACFw+4x0gA==",
          "requires": {
            "html-all-known-attributes": "^3.0.0",
            "is-char-suitable-for-html-attr-name": "^1.2.0",
            "is-html-attribute-closing": "^1.5.0",
            "is-html-tag-opening": "^1.10.1",
            "lodash.clonedeep": "^4.5.0",
            "lodash.isplainobject": "^4.0.6",
            "string-left-right": "^3.0.1",
            "string-match-left-right": "^5.0.0"
          }
        },
        "html-all-known-attributes": {
          "version": "3.0.0",
          "resolved": "https://registry.npmjs.org/html-all-known-attributes/-/html-all-known-attributes-3.0.0.tgz",
          "integrity": "sha512-EojKoGcIC7RHj4wsZXFyhDnfVvjxDDQ3iQSWQsZyqRE6jmQrj6doqradN77/3jplMGxncECL6WtRbJ2SBp3Jdw=="
        },
        "is-char-suitable-for-html-attr-name": {
          "version": "1.2.0",
          "resolved": "https://registry.npmjs.org/is-char-suitable-for-html-attr-name/-/is-char-suitable-for-html-attr-name-1.2.0.tgz",
          "integrity": "sha512-KConvKtJdKBj3b5nTOID1NIHxjKDO3yeqfviK1vQyDUMSe64nxaTP0l3Peo/pDsXt0tb49x+xmNJD6kKkfgDrg=="
        },
        "is-html-attribute-closing": {
          "version": "1.5.0",
          "resolved": "https://registry.npmjs.org/is-html-attribute-closing/-/is-html-attribute-closing-1.5.0.tgz",
          "integrity": "sha512-JCD0x8VEXy8mKtbaAE74U5+FOtLYxekCaFh/RUQ57KbhInxn3Q7SOA5BzP13NDMiNw4DRJt1chHMPhDYV+JeYg==",
          "requires": {
            "html-all-known-attributes": "^3.0.0",
            "is-char-suitable-for-html-attr-name": "^1.2.0",
            "string-left-right": "^3.0.1",
            "string-match-left-right": "^5.0.0"
          }
        },
        "is-html-tag-opening": {
          "version": "1.10.1",
          "resolved": "https://registry.npmjs.org/is-html-tag-opening/-/is-html-tag-opening-1.10.1.tgz",
          "integrity": "sha512-i0fi4JKJ8RQKXSom/Ss9DOCKSwHirn8OlK8gUzANDnbS3BmnKb3/ndfiINsocOmF96bMB73n2l2MtSrE1123qQ==",
          "requires": {
            "string-left-right": "^3.0.1",
            "string-match-left-right": "^5.0.0"
          }
        },
        "string-find-malformed": {
          "version": "1.2.1",
          "resolved": "https://registry.npmjs.org/string-find-malformed/-/string-find-malformed-1.2.1.tgz",
          "integrity": "sha512-UbczeW0PQBECMT2R8ruYmNgGxkdLzdByItkTF88rYBhL+2+T8tywvw2vX+SWHSDpqUYOHq9eLsIx1rg0y2uFFw==",
          "requires": {
            "string-left-right": "^3.0.1"
          }
        },
        "string-left-right": {
          "version": "3.0.1",
          "resolved": "https://registry.npmjs.org/string-left-right/-/string-left-right-3.0.1.tgz",
          "integrity": "sha512-30bO/J4XHMFgk3I2h0ZUkhvzkryWbb/T4hxvBPyiw8DIfjgK0Relc/sla4LS/kK7UMFys5Sj69Cm+si4rx+nbQ==",
          "requires": {
            "lodash.clonedeep": "^4.5.0",
            "lodash.isplainobject": "^4.0.6"
          }
        },
        "string-match-left-right": {
          "version": "5.0.0",
          "resolved": "https://registry.npmjs.org/string-match-left-right/-/string-match-left-right-5.0.0.tgz",
          "integrity": "sha512-44hzUmoKsruBM6yUvl73XLRktqzG+/+S/iSFFlPN/7Jfmt2jXaTbp31DTXVCEjlp3BXeLvBnIMDsIatNk7KLvw==",
          "requires": {
            "arrayiffy-if-string": "^3.12.0",
            "lodash.isplainobject": "^4.0.6",
            "string-character-is-astral-surrogate": "^1.11.0"
          }
        }
      }
    },
    "html-all-known-attributes": {
      "version": "4.0.0",
      "resolved": "https://registry.npmjs.org/html-all-known-attributes/-/html-all-known-attributes-4.0.0.tgz",
      "integrity": "sha512-jMX8WWDGcw/Hpjh5VvnHqtNiLYQi1pMBai8I3vlS4KyQySAZ9EEqE0+uoT6v6rGzi/nSfA09mP7kC0beJ7H4uQ==",
      "requires": {
        "@babel/runtime": "^7.12.5"
      }
    },
    "is-absolute-url": {
      "version": "3.0.3",
      "resolved": "https://registry.npmjs.org/is-absolute-url/-/is-absolute-url-3.0.3.tgz",
      "integrity": "sha512-opmNIX7uFnS96NtPmhWQgQx6/NYFgsUXYMllcfzwWKUMwfo8kku1TvE6hkNcH+Q1ts5cMVrsY7j0bxXQDciu9Q=="
    },
    "is-char-suitable-for-html-attr-name": {
      "version": "2.0.0",
      "resolved": "https://registry.npmjs.org/is-char-suitable-for-html-attr-name/-/is-char-suitable-for-html-attr-name-2.0.0.tgz",
      "integrity": "sha512-Y6SakRAHpcGkKuPCUfOrY5TC9IQL4syZYqS/gwS/pID/65c4Ryzwik0MFFJxE5OlU5AUcbHS/kbc/qU/OUGk+w==",
      "requires": {
        "@babel/runtime": "^7.12.5"
      }
    },
    "is-html-attribute-closing": {
      "version": "2.0.0",
      "resolved": "https://registry.npmjs.org/is-html-attribute-closing/-/is-html-attribute-closing-2.0.0.tgz",
      "integrity": "sha512-Zu9Bk2nWpQwNMRT0hCXQLy3hzBLtuq79hhXxscnidUJGZKcF7kHYjYXwd2fsiaEq7Ktv7NYseMXBuFSDQQ6u7g==",
      "requires": {
        "@babel/runtime": "^7.12.5",
        "html-all-known-attributes": "^4.0.0",
        "is-char-suitable-for-html-attr-name": "^2.0.0",
        "string-left-right": "^4.0.0",
        "string-match-left-right": "^6.0.0"
      }
    },
    "is-html-tag-opening": {
      "version": "2.0.0",
      "resolved": "https://registry.npmjs.org/is-html-tag-opening/-/is-html-tag-opening-2.0.0.tgz",
      "integrity": "sha512-smV7h5uyH18qDDMIeDyo/s6AzkrKye66iNo06moSaqRHWdaeOcFYtfQQ6IP9PlwD71CjWAsJ8bhOpZVa7HyvIA==",
      "requires": {
        "@babel/runtime": "^7.12.5",
        "string-left-right": "^4.0.0",
        "string-match-left-right": "^6.0.0"
      }
    },
    "lodash.clonedeep": {
      "version": "4.5.0",
      "resolved": "https://registry.npmjs.org/lodash.clonedeep/-/lodash.clonedeep-4.5.0.tgz",
      "integrity": "sha1-4j8/nE+Pvd6HJSnBBxhXoIblzO8="
    },
    "lodash.isplainobject": {
      "version": "4.0.6",
      "resolved": "https://registry.npmjs.org/lodash.isplainobject/-/lodash.isplainobject-4.0.6.tgz",
      "integrity": "sha1-fFJqUtibRcRcxpC4gWO+BJf1UMs="
    },
    "magic-string": {
      "version": "0.25.7",
      "resolved": "https://registry.npmjs.org/magic-string/-/magic-string-0.25.7.tgz",
      "integrity": "sha512-4CrMT5DOHTDk4HYDlzmwu4FVCcIYI8gauveasrdCu2IKIFOJ3f0v/8MDGJCDL9oD2ppz/Av1b0Nj345H9M+XIA==",
      "requires": {
        "sourcemap-codec": "^1.4.4"
      }
    },
    "nth-check": {
      "version": "2.0.0",
      "resolved": "https://registry.npmjs.org/nth-check/-/nth-check-2.0.0.tgz",
      "integrity": "sha512-i4sc/Kj8htBrAiH1viZ0TgU8Y5XqCaV/FziYK6TBczxmeKm3AEFWqqF3195yKudrarqy7Zu80Ra5dobFjn9X/Q==",
      "requires": {
        "boolbase": "^1.0.0"
      }
    },
    "object-path": {
      "version": "0.11.5",
      "resolved": "https://registry.npmjs.org/object-path/-/object-path-0.11.5.tgz",
      "integrity": "sha512-jgSbThcoR/s+XumvGMTMf81QVBmah+/Q7K7YduKeKVWL7N111unR2d6pZZarSk6kY/caeNxUDyxOvMWyzoU2eg=="
    },
    "regenerator-runtime": {
      "version": "0.13.7",
      "resolved": "https://registry.npmjs.org/regenerator-runtime/-/regenerator-runtime-0.13.7.tgz",
      "integrity": "sha512-a54FxoJDIr27pgf7IgeQGxmqUNYrcV338lf/6gH456HZ/PhX+5BcwHXG9ajESmwe6WRO0tAzRUrRmNONWgkrew=="
    },
    "sourcemap-codec": {
      "version": "1.4.8",
      "resolved": "https://registry.npmjs.org/sourcemap-codec/-/sourcemap-codec-1.4.8.tgz",
      "integrity": "sha512-9NykojV5Uih4lgo5So5dtw+f0JgJX30KCNI8gwhz2J9A15wD0Ml6tjHKwf6fTSa6fAdVBdZeNOs9eJ71qCk8vA=="
    },
    "string-character-is-astral-surrogate": {
      "version": "1.12.0",
      "resolved": "https://registry.npmjs.org/string-character-is-astral-surrogate/-/string-character-is-astral-surrogate-1.12.0.tgz",
      "integrity": "sha512-IblpYwaHPmjkWN5BZDHfqsI/ubBgEx85gNnktK3vWkFJJ/YJjK0/yInANYv1UsHtg02Sxjmd+ttAaiBKwzb9Yg==",
      "requires": {
        "@babel/runtime": "^7.12.5"
      }
    },
    "string-find-malformed": {
      "version": "2.0.0",
      "resolved": "https://registry.npmjs.org/string-find-malformed/-/string-find-malformed-2.0.0.tgz",
      "integrity": "sha512-Iyk6EOAt8AxW1UWwzzNogyyPO9oL/MHA++0f4on7QhmsbNnXbm1LZhQcriRYTXTaatuM1B8j+A7Ruc+EyDGBJg==",
      "requires": {
        "@babel/runtime": "^7.12.5",
        "string-left-right": "^4.0.0"
      }
    },
    "string-left-right": {
      "version": "4.0.0",
      "resolved": "https://registry.npmjs.org/string-left-right/-/string-left-right-4.0.0.tgz",
      "integrity": "sha512-XEz+t//jIKTNdk0o+Leoin+z3cA1qt+JuGI4awQJrDREibn4PtgwAnEjoZ9FvpzTakg8199xXzf7pOzCs1HQ8A==",
      "requires": {
        "@babel/runtime": "^7.12.5",
        "lodash.clonedeep": "^4.5.0",
        "lodash.isplainobject": "^4.0.6"
      }
    },
    "string-match-left-right": {
      "version": "6.0.0",
      "resolved": "https://registry.npmjs.org/string-match-left-right/-/string-match-left-right-6.0.0.tgz",
      "integrity": "sha512-E3krQijD/oGRPsGjxZDEP50hJ1rj9CV2RdumI2L9aOLwT3Vm9njcotPb+py2J4jqg5oXM418OLD+X3YQ+C1xsw==",
      "requires": {
        "@babel/runtime": "^7.12.5",
        "arrayiffy-if-string": "^3.13.0",
        "lodash.isplainobject": "^4.0.6",
        "string-character-is-astral-surrogate": "^1.12.0"
      }
    }
  }
}
