{
  "name": "@useparcel/tape-html",
  "version": "0.4.1",
  "lockfileVersion": 1,
  "requires": true,
  "dependencies": {
    "arrayiffy-if-string": {
      "version": "3.12.0",
      "resolved": "https://registry.npmjs.org/arrayiffy-if-string/-/arrayiffy-if-string-3.12.0.tgz",
      "integrity": "sha512-NksgY9FtVGdU9lndRT3EiH+OuZC/rX4kxISBveLKf3TQIemz5w3Ai/s0TBIuRyaxCMCOIulBPxSKe/F2CyBybA=="
    },
    "ast-monkey-util": {
      "version": "1.2.0",
      "resolved": "https://registry.npmjs.org/ast-monkey-util/-/ast-monkey-util-1.2.0.tgz",
      "integrity": "sha512-mM3cyVbOeGSpCyItGC25LcH2U3mxvJLu0QAYWBawU/IMQAhO46kjZzscvKHJDL28PJBDZgM2LeCaHMXvypS36Q=="
    },
    "codsen-parser": {
      "version": "0.8.3",
      "resolved": "https://registry.npmjs.org/codsen-parser/-/codsen-parser-0.8.3.tgz",
      "integrity": "sha512-DQo6qkd7EJdBl5Jxk7YLSGnFsPGiejyk73gIUgXUUSxmq6P0rinANa42+ngQ2RO3lBBe1sadJYcF09WvpnbHhQ==",
      "requires": {
        "ast-monkey-util": "^1.2.0",
        "codsen-tokenizer": "^4.3.0",
        "object-path": "^0.11.5",
        "string-find-malformed": "^1.2.1",
        "string-left-right": "^3.0.1"
      }
    },
    "codsen-tokenizer": {
      "version": "4.3.0",
      "resolved": "https://registry.npmjs.org/codsen-tokenizer/-/codsen-tokenizer-4.3.0.tgz",
      "integrity": "sha512-+k4Rw2+Jcboom4Vh/YnwBFeiVWAqsLRY5NkzONA4MZ4i9uJcuwvRqGKNn710FZW56ClJclKLqtFsI8iOhYq1TQ==",
      "requires": {
        "html-all-known-attributes": "^3.0.0",
        "is-char-suitable-for-html-attr-name": "^1.2.0",
        "is-html-attribute-closing": "^1.4.1",
        "is-html-tag-opening": "^1.9.0",
        "lodash.clonedeep": "^4.5.0",
        "lodash.isplainobject": "^4.0.6",
        "string-left-right": "^3.0.1",
        "string-match-left-right": "^5.0.0"
      }
    },
    "html-all-known-attributes": {
      "version": "3.0.0",
      "resolved": "https://registry.npmjs.org/html-all-known-attributes/-/html-all-known-attributes-3.0.0.tgz",
      "integrity": "sha512-EojKoGcIC7RHj4wsZXFyhDnfVvjxDDQ3iQSWQsZyqRE6jmQrj6doqradN77/3jplMGxncECL6WtRbJ2SBp3Jdw=="
    },
    "is-absolute-url": {
      "version": "3.0.3",
      "resolved": "https://registry.npmjs.org/is-absolute-url/-/is-absolute-url-3.0.3.tgz",
      "integrity": "sha512-opmNIX7uFnS96NtPmhWQgQx6/NYFgsUXYMllcfzwWKUMwfo8kku1TvE6hkNcH+Q1ts5cMVrsY7j0bxXQDciu9Q=="
    },
    "is-char-suitable-for-html-attr-name": {
      "version": "1.2.0",
      "resolved": "https://registry.npmjs.org/is-char-suitable-for-html-attr-name/-/is-char-suitable-for-html-attr-name-1.2.0.tgz",
      "integrity": "sha512-KConvKtJdKBj3b5nTOID1NIHxjKDO3yeqfviK1vQyDUMSe64nxaTP0l3Peo/pDsXt0tb49x+xmNJD6kKkfgDrg=="
    },
    "is-html-attribute-closing": {
      "version": "1.4.1",
      "resolved": "https://registry.npmjs.org/is-html-attribute-closing/-/is-html-attribute-closing-1.4.1.tgz",
      "integrity": "sha512-MfnJeLrQTvCj+3hJF2Golnusqez5kASqywm3GANGq3eMbKFsvZi6pxQ5dNjJFNkn9m/snHpm7QKf14Paj8SY/A==",
      "requires": {
        "html-all-known-attributes": "^3.0.0",
        "is-char-suitable-for-html-attr-name": "^1.2.0",
        "string-left-right": "^3.0.1",
        "string-match-left-right": "^5.0.0"
      }
    },
    "is-html-tag-opening": {
      "version": "1.9.0",
      "resolved": "https://registry.npmjs.org/is-html-tag-opening/-/is-html-tag-opening-1.9.0.tgz",
      "integrity": "sha512-LFtUjmpA4qQuQBoI2gI14fqLTvCsxBC3i6+9zym0VRbvI8fBfUUP3SVk6fZJgq8ajQoE14CQfdHDWpqQvJFY/A==",
      "requires": {
        "string-match-left-right": "^5.0.0"
      }
    },
    "lodash.clonedeep": {
      "version": "4.5.0",
      "resolved": "https://registry.npmjs.org/lodash.clonedeep/-/lodash.clonedeep-4.5.0.tgz",
      "integrity": "sha1-4j8/nE+Pvd6HJSnBBxhXoIblzO8="
    },
    "lodash.isplainobject": {
      "version": "4.0.6",
      "resolved": "https://registry.npmjs.org/lodash.isplainobject/-/lodash.isplainobject-4.0.6.tgz",
      "integrity": "sha1-fFJqUtibRcRcxpC4gWO+BJf1UMs="
    },
    "magic-string": {
      "version": "0.25.7",
      "resolved": "https://registry.npmjs.org/magic-string/-/magic-string-0.25.7.tgz",
      "integrity": "sha512-4CrMT5DOHTDk4HYDlzmwu4FVCcIYI8gauveasrdCu2IKIFOJ3f0v/8MDGJCDL9oD2ppz/Av1b0Nj345H9M+XIA==",
      "requires": {
        "sourcemap-codec": "^1.4.4"
      }
    },
    "object-path": {
      "version": "0.11.5",
      "resolved": "https://registry.npmjs.org/object-path/-/object-path-0.11.5.tgz",
      "integrity": "sha512-jgSbThcoR/s+XumvGMTMf81QVBmah+/Q7K7YduKeKVWL7N111unR2d6pZZarSk6kY/caeNxUDyxOvMWyzoU2eg=="
    },
    "sourcemap-codec": {
      "version": "1.4.8",
      "resolved": "https://registry.npmjs.org/sourcemap-codec/-/sourcemap-codec-1.4.8.tgz",
      "integrity": "sha512-9NykojV5Uih4lgo5So5dtw+f0JgJX30KCNI8gwhz2J9A15wD0Ml6tjHKwf6fTSa6fAdVBdZeNOs9eJ71qCk8vA=="
    },
    "string-character-is-astral-surrogate": {
      "version": "1.11.0",
      "resolved": "https://registry.npmjs.org/string-character-is-astral-surrogate/-/string-character-is-astral-surrogate-1.11.0.tgz",
      "integrity": "sha512-MCrrRimQSjmlLvmUxyyTw/b6RVgxRtY+OlQRA20ghuKF0pO7zz2BhozhwUQeM8X1gWXHpKZXzYzE5zdRd4muQQ=="
    },
    "string-find-malformed": {
      "version": "1.2.1",
      "resolved": "https://registry.npmjs.org/string-find-malformed/-/string-find-malformed-1.2.1.tgz",
      "integrity": "sha512-UbczeW0PQBECMT2R8ruYmNgGxkdLzdByItkTF88rYBhL+2+T8tywvw2vX+SWHSDpqUYOHq9eLsIx1rg0y2uFFw==",
      "requires": {
        "string-left-right": "^3.0.1"
      }
    },
    "string-left-right": {
      "version": "3.0.1",
      "resolved": "https://registry.npmjs.org/string-left-right/-/string-left-right-3.0.1.tgz",
      "integrity": "sha512-30bO/J4XHMFgk3I2h0ZUkhvzkryWbb/T4hxvBPyiw8DIfjgK0Relc/sla4LS/kK7UMFys5Sj69Cm+si4rx+nbQ==",
      "requires": {
        "lodash.clonedeep": "^4.5.0",
        "lodash.isplainobject": "^4.0.6"
      }
    },
    "string-match-left-right": {
      "version": "5.0.0",
      "resolved": "https://registry.npmjs.org/string-match-left-right/-/string-match-left-right-5.0.0.tgz",
      "integrity": "sha512-44hzUmoKsruBM6yUvl73XLRktqzG+/+S/iSFFlPN/7Jfmt2jXaTbp31DTXVCEjlp3BXeLvBnIMDsIatNk7KLvw==",
      "requires": {
        "arrayiffy-if-string": "^3.12.0",
        "lodash.isplainobject": "^4.0.6",
        "string-character-is-astral-surrogate": "^1.11.0"
      }
    }
  }
}
